
Microsoft Visual Studio Solution File, Format Version 12.00
# Visual Studio Version 17
VisualStudioVersion = 17.11.35327.3
MinimumVisualStudioVersion = 10.0.40219.1
Project("{8BC9CEB8-8B4A-11D0-8D11-00A0C91BC942}") = "Baekjoon_1001", "Baekjoon_1001\Baekjoon_1001.vcxproj", "{3AC7DCF4-7B71-494F-8A1F-6EA33F2643E5}"
EndProject
Project("{8BC9CEB8-8B4A-11D0-8D11-00A0C91BC942}") = "Baekjoon_10998", "Baekjoon_10998\Baekjoon_10998.vcxproj", "{FA8E865C-B81E-43EA-BAF5-B99AE87A19D1}"
EndProject
Project("{8BC9CEB8-8B4A-11D0-8D11-00A0C91BC942}") = "Baekjoon_1008", "Baekjoon_1008\Baekjoon_1008.vcxproj", "{48CBA6FE-ED87-4B8B-A45D-602D3FC17FC8}"
EndProject
Project("{8BC9CEB8-8B4A-11D0-8D11-00A0C91BC942}") = "Baekjoon_10869", "Baekjoon_10869\Baekjoon_10869.vcxproj", "{A099DE6A-90D4-4756-91FB-26E59E87C93B}"
EndProject
Project("{8BC9CEB8-8B4A-11D0-8D11-00A0C91BC942}") = "Baekjoon_10926", "Baekjoon_10926\Baekjoon_10926.vcxproj", "{F7EAFDA3-8B12-4376-883E-DBDAA3508329}"
EndProject
Project("{8BC9CEB8-8B4A-11D0-8D11-00A0C91BC942}") = "Baekjoon_18108", "Baekjoon_18108\Baekjoon_18108.vcxproj", "{C96950BF-30CC-43A9-80ED-04D63A5BC6D2}"
EndProject
Project("{8BC9CEB8-8B4A-11D0-8D11-00A0C91BC942}") = "Baekjoon_10430", "Baekjoon_10430\Baekjoon_10430.vcxproj", "{D7680552-AEF1-4394-9A01-BE3C1BDFB7A2}"
EndProject
Project("{8BC9CEB8-8B4A-11D0-8D11-00A0C91BC942}") = "Baekjoon_2588", "Baekjoon_2588\Baekjoon_2588.vcxproj", "{786CCAD5-B981-403E-ACB7-527732B9ED36}"
EndProject
Project("{8BC9CEB8-8B4A-11D0-8D11-00A0C91BC942}") = "Baekjoon_11382", "Baekjoon_11382\Baekjoon_11382.vcxproj", "{0EADC7E1-6A5C-4BA8-A931-DA193E2DA094}"
EndProject
Project("{8BC9CEB8-8B4A-11D0-8D11-00A0C91BC942}") = "Baekjoon_10171", "Baekjoon_10171\Baekjoon_10171.vcxproj", "{116B84FB-0108-4F65-8B14-E618CE442CA6}"
EndProject
Project("{8BC9CEB8-8B4A-11D0-8D11-00A0C91BC942}") = "Baekjoon_10172", "Baekjoon_10172\Baekjoon_10172.vcxproj", "{08C1DF73-3F57-40A8-A8B4-8FB02B423859}"
EndProject
Project("{8BC9CEB8-8B4A-11D0-8D11-00A0C91BC942}") = "Baekjoon_1330", "Baekjoon_1330\Baekjoon_1330.vcxproj", "{E3FAD794-0114-49CD-B56B-14C837FBDE84}"
EndProject
Project("{8BC9CEB8-8B4A-11D0-8D11-00A0C91BC942}") = "Baekjoon_9498", "Baekjoon_9498\Baekjoon_9498.vcxproj", "{A5094240-8D25-46E9-9DE2-74DEC714735D}"
EndProject
Project("{8BC9CEB8-8B4A-11D0-8D11-00A0C91BC942}") = "Baekjoon_2753", "Baekjoon_2753\Baekjoon_2753.vcxproj", "{9687D05B-E233-4D92-BB50-20CD99868F1E}"
EndProject
Project("{8BC9CEB8-8B4A-11D0-8D11-00A0C91BC942}") = "Baekjoon_14681", "Baekjoon_14681\Baekjoon_14681.vcxproj", "{44A13208-F8B7-4AD5-8789-3DE0D3AE05CD}"
EndProject
Project("{8BC9CEB8-8B4A-11D0-8D11-00A0C91BC942}") = "Baekjoon_2884", "Baekjoon_2884\Baekjoon_2884.vcxproj", "{FE1391BF-2CF6-4A4D-AAFA-F59F6CD69F16}"
EndProject
Project("{8BC9CEB8-8B4A-11D0-8D11-00A0C91BC942}") = "Baekjoon_2525", "Baekjoon_2525\Baekjoon_2525.vcxproj", "{39823738-9DA5-4473-849C-A43AF513451A}"
EndProject
Project("{8BC9CEB8-8B4A-11D0-8D11-00A0C91BC942}") = "Baekjoon_2480", "Baekjoon_2480\Baekjoon_2480.vcxproj", "{6D5CF0C4-286F-4235-9C77-F900ED8345D5}"
EndProject
Project("{8BC9CEB8-8B4A-11D0-8D11-00A0C91BC942}") = "Baekjoon_2739", "Baekjoon_2739\Baekjoon_2739.vcxproj", "{6CE66715-1556-42CF-BEF8-53FA3DF91141}"
EndProject
Project("{8BC9CEB8-8B4A-11D0-8D11-00A0C91BC942}") = "Baekjoon_10950", "Baekjoon_10950\Baekjoon_10950.vcxproj", "{0B2C2698-9D53-4287-AEA0-2C2AA0159445}"
EndProject
Project("{8BC9CEB8-8B4A-11D0-8D11-00A0C91BC942}") = "Baekjoon_8393", "Baekjoon_8393\Baekjoon_8393.vcxproj", "{13D750AC-2E4D-47CA-A12B-E7A005BA59F6}"
EndProject
Project("{8BC9CEB8-8B4A-11D0-8D11-00A0C91BC942}") = "Baekjoon_25304", "Baekjoon_25304\Baekjoon_25304.vcxproj", "{F5E156F1-D3D0-457C-9BA4-6008D91CAC2A}"
EndProject
Project("{8BC9CEB8-8B4A-11D0-8D11-00A0C91BC942}") = "Baekjoon_25314", "Baekjoon_25314\Baekjoon_25314.vcxproj", "{A80E43F4-6B31-4B84-A6E7-16FF85B33DB6}"
EndProject
Project("{8BC9CEB8-8B4A-11D0-8D11-00A0C91BC942}") = "Baekjoon_15552", "Baekjoon_15552\Baekjoon_15552.vcxproj", "{CC52BE36-F886-4A1E-91D6-B6480769104C}"
EndProject
Project("{8BC9CEB8-8B4A-11D0-8D11-00A0C91BC942}") = "Baekjoon_11021", "Baekjoon_11021\Baekjoon_11021.vcxproj", "{8DEC03EA-6BF0-4224-AEC7-3C115DDB3652}"
EndProject
Project("{8BC9CEB8-8B4A-11D0-8D11-00A0C91BC942}") = "Baekjoon_1000", "Baekjoon_1000\Baekjoon_1000.vcxproj", "{CCD54744-37CA-40D6-B17F-544A5E2E4529}"
EndProject
Project("{8BC9CEB8-8B4A-11D0-8D11-00A0C91BC942}") = "Baekjoon_2557", "Baekjoon_2557\Baekjoon_2557.vcxproj", "{21443358-9DB6-4208-8A9D-9CF6872C923F}"
EndProject
Project("{8BC9CEB8-8B4A-11D0-8D11-00A0C91BC942}") = "Baekjoon_11022", "Baekjoon_11022\Baekjoon_11022.vcxproj", "{BBB12A67-CF2C-48A7-9AA5-EA4410F92311}"
EndProject
Project("{8BC9CEB8-8B4A-11D0-8D11-00A0C91BC942}") = "Baekjoon_2438", "Baekjoon_2438\Baekjoon_2438.vcxproj", "{1850F26E-A1B8-4155-92FC-912D80394915}"
EndProject
Project("{8BC9CEB8-8B4A-11D0-8D11-00A0C91BC942}") = "Baekjoon_2439", "Baekjoon_2439\Baekjoon_2439.vcxproj", "{CBAA1EAA-B52A-44F9-9E56-D1909B197254}"
EndProject
Project("{8BC9CEB8-8B4A-11D0-8D11-00A0C91BC942}") = "Baekjoon_10952", "Baekjoon_10952\Baekjoon_10952.vcxproj", "{37C0E25D-50D7-4168-AA40-C33A2461AB7B}"
EndProject
Project("{8BC9CEB8-8B4A-11D0-8D11-00A0C91BC942}") = "Baekjoon_10951", "Baekjoon_10951\Baekjoon_10951.vcxproj", "{67F5FB61-A620-4B50-907C-A2F7219E248E}"
EndProject
Global
	GlobalSection(SolutionConfigurationPlatforms) = preSolution
		Debug|x64 = Debug|x64
		Debug|x86 = Debug|x86
		Release|x64 = Release|x64
		Release|x86 = Release|x86
	EndGlobalSection
	GlobalSection(ProjectConfigurationPlatforms) = postSolution
		{3AC7DCF4-7B71-494F-8A1F-6EA33F2643E5}.Debug|x64.ActiveCfg = Debug|x64
		{3AC7DCF4-7B71-494F-8A1F-6EA33F2643E5}.Debug|x64.Build.0 = Debug|x64
		{3AC7DCF4-7B71-494F-8A1F-6EA33F2643E5}.Debug|x86.ActiveCfg = Debug|Win32
		{3AC7DCF4-7B71-494F-8A1F-6EA33F2643E5}.Debug|x86.Build.0 = Debug|Win32
		{3AC7DCF4-7B71-494F-8A1F-6EA33F2643E5}.Release|x64.ActiveCfg = Release|x64
		{3AC7DCF4-7B71-494F-8A1F-6EA33F2643E5}.Release|x64.Build.0 = Release|x64
		{3AC7DCF4-7B71-494F-8A1F-6EA33F2643E5}.Release|x86.ActiveCfg = Release|Win32
		{3AC7DCF4-7B71-494F-8A1F-6EA33F2643E5}.Release|x86.Build.0 = Release|Win32
		{FA8E865C-B81E-43EA-BAF5-B99AE87A19D1}.Debug|x64.ActiveCfg = Debug|x64
		{FA8E865C-B81E-43EA-BAF5-B99AE87A19D1}.Debug|x64.Build.0 = Debug|x64
		{FA8E865C-B81E-43EA-BAF5-B99AE87A19D1}.Debug|x86.ActiveCfg = Debug|Win32
		{FA8E865C-B81E-43EA-BAF5-B99AE87A19D1}.Debug|x86.Build.0 = Debug|Win32
		{FA8E865C-B81E-43EA-BAF5-B99AE87A19D1}.Release|x64.ActiveCfg = Release|x64
		{FA8E865C-B81E-43EA-BAF5-B99AE87A19D1}.Release|x64.Build.0 = Release|x64
		{FA8E865C-B81E-43EA-BAF5-B99AE87A19D1}.Release|x86.ActiveCfg = Release|Win32
		{FA8E865C-B81E-43EA-BAF5-B99AE87A19D1}.Release|x86.Build.0 = Release|Win32
		{48CBA6FE-ED87-4B8B-A45D-602D3FC17FC8}.Debug|x64.ActiveCfg = Debug|x64
		{48CBA6FE-ED87-4B8B-A45D-602D3FC17FC8}.Debug|x64.Build.0 = Debug|x64
		{48CBA6FE-ED87-4B8B-A45D-602D3FC17FC8}.Debug|x86.ActiveCfg = Debug|Win32
		{48CBA6FE-ED87-4B8B-A45D-602D3FC17FC8}.Debug|x86.Build.0 = Debug|Win32
		{48CBA6FE-ED87-4B8B-A45D-602D3FC17FC8}.Release|x64.ActiveCfg = Release|x64
		{48CBA6FE-ED87-4B8B-A45D-602D3FC17FC8}.Release|x64.Build.0 = Release|x64
		{48CBA6FE-ED87-4B8B-A45D-602D3FC17FC8}.Release|x86.ActiveCfg = Release|Win32
		{48CBA6FE-ED87-4B8B-A45D-602D3FC17FC8}.Release|x86.Build.0 = Release|Win32
		{A099DE6A-90D4-4756-91FB-26E59E87C93B}.Debug|x64.ActiveCfg = Debug|x64
		{A099DE6A-90D4-4756-91FB-26E59E87C93B}.Debug|x64.Build.0 = Debug|x64
		{A099DE6A-90D4-4756-91FB-26E59E87C93B}.Debug|x86.ActiveCfg = Debug|Win32
		{A099DE6A-90D4-4756-91FB-26E59E87C93B}.Debug|x86.Build.0 = Debug|Win32
		{A099DE6A-90D4-4756-91FB-26E59E87C93B}.Release|x64.ActiveCfg = Release|x64
		{A099DE6A-90D4-4756-91FB-26E59E87C93B}.Release|x64.Build.0 = Release|x64
		{A099DE6A-90D4-4756-91FB-26E59E87C93B}.Release|x86.ActiveCfg = Release|Win32
		{A099DE6A-90D4-4756-91FB-26E59E87C93B}.Release|x86.Build.0 = Release|Win32
		{F7EAFDA3-8B12-4376-883E-DBDAA3508329}.Debug|x64.ActiveCfg = Debug|x64
		{F7EAFDA3-8B12-4376-883E-DBDAA3508329}.Debug|x64.Build.0 = Debug|x64
		{F7EAFDA3-8B12-4376-883E-DBDAA3508329}.Debug|x86.ActiveCfg = Debug|Win32
		{F7EAFDA3-8B12-4376-883E-DBDAA3508329}.Debug|x86.Build.0 = Debug|Win32
		{F7EAFDA3-8B12-4376-883E-DBDAA3508329}.Release|x64.ActiveCfg = Release|x64
		{F7EAFDA3-8B12-4376-883E-DBDAA3508329}.Release|x64.Build.0 = Release|x64
		{F7EAFDA3-8B12-4376-883E-DBDAA3508329}.Release|x86.ActiveCfg = Release|Win32
		{F7EAFDA3-8B12-4376-883E-DBDAA3508329}.Release|x86.Build.0 = Release|Win32
		{C96950BF-30CC-43A9-80ED-04D63A5BC6D2}.Debug|x64.ActiveCfg = Debug|x64
		{C96950BF-30CC-43A9-80ED-04D63A5BC6D2}.Debug|x64.Build.0 = Debug|x64
		{C96950BF-30CC-43A9-80ED-04D63A5BC6D2}.Debug|x86.ActiveCfg = Debug|Win32
		{C96950BF-30CC-43A9-80ED-04D63A5BC6D2}.Debug|x86.Build.0 = Debug|Win32
		{C96950BF-30CC-43A9-80ED-04D63A5BC6D2}.Release|x64.ActiveCfg = Release|x64
		{C96950BF-30CC-43A9-80ED-04D63A5BC6D2}.Release|x64.Build.0 = Release|x64
		{C96950BF-30CC-43A9-80ED-04D63A5BC6D2}.Release|x86.ActiveCfg = Release|Win32
		{C96950BF-30CC-43A9-80ED-04D63A5BC6D2}.Release|x86.Build.0 = Release|Win32
		{D7680552-AEF1-4394-9A01-BE3C1BDFB7A2}.Debug|x64.ActiveCfg = Debug|x64
		{D7680552-AEF1-4394-9A01-BE3C1BDFB7A2}.Debug|x64.Build.0 = Debug|x64
		{D7680552-AEF1-4394-9A01-BE3C1BDFB7A2}.Debug|x86.ActiveCfg = Debug|Win32
		{D7680552-AEF1-4394-9A01-BE3C1BDFB7A2}.Debug|x86.Build.0 = Debug|Win32
		{D7680552-AEF1-4394-9A01-BE3C1BDFB7A2}.Release|x64.ActiveCfg = Release|x64
		{D7680552-AEF1-4394-9A01-BE3C1BDFB7A2}.Release|x64.Build.0 = Release|x64
		{D7680552-AEF1-4394-9A01-BE3C1BDFB7A2}.Release|x86.ActiveCfg = Release|Win32
		{D7680552-AEF1-4394-9A01-BE3C1BDFB7A2}.Release|x86.Build.0 = Release|Win32
		{786CCAD5-B981-403E-ACB7-527732B9ED36}.Debug|x64.ActiveCfg = Debug|x64
		{786CCAD5-B981-403E-ACB7-527732B9ED36}.Debug|x64.Build.0 = Debug|x64
		{786CCAD5-B981-403E-ACB7-527732B9ED36}.Debug|x86.ActiveCfg = Debug|Win32
		{786CCAD5-B981-403E-ACB7-527732B9ED36}.Debug|x86.Build.0 = Debug|Win32
		{786CCAD5-B981-403E-ACB7-527732B9ED36}.Release|x64.ActiveCfg = Release|x64
		{786CCAD5-B981-403E-ACB7-527732B9ED36}.Release|x64.Build.0 = Release|x64
		{786CCAD5-B981-403E-ACB7-527732B9ED36}.Release|x86.ActiveCfg = Release|Win32
		{786CCAD5-B981-403E-ACB7-527732B9ED36}.Release|x86.Build.0 = Release|Win32
		{0EADC7E1-6A5C-4BA8-A931-DA193E2DA094}.Debug|x64.ActiveCfg = Debug|x64
		{0EADC7E1-6A5C-4BA8-A931-DA193E2DA094}.Debug|x64.Build.0 = Debug|x64
		{0EADC7E1-6A5C-4BA8-A931-DA193E2DA094}.Debug|x86.ActiveCfg = Debug|Win32
		{0EADC7E1-6A5C-4BA8-A931-DA193E2DA094}.Debug|x86.Build.0 = Debug|Win32
		{0EADC7E1-6A5C-4BA8-A931-DA193E2DA094}.Release|x64.ActiveCfg = Release|x64
		{0EADC7E1-6A5C-4BA8-A931-DA193E2DA094}.Release|x64.Build.0 = Release|x64
		{0EADC7E1-6A5C-4BA8-A931-DA193E2DA094}.Release|x86.ActiveCfg = Release|Win32
		{0EADC7E1-6A5C-4BA8-A931-DA193E2DA094}.Release|x86.Build.0 = Release|Win32
		{116B84FB-0108-4F65-8B14-E618CE442CA6}.Debug|x64.ActiveCfg = Debug|x64
		{116B84FB-0108-4F65-8B14-E618CE442CA6}.Debug|x64.Build.0 = Debug|x64
		{116B84FB-0108-4F65-8B14-E618CE442CA6}.Debug|x86.ActiveCfg = Debug|Win32
		{116B84FB-0108-4F65-8B14-E618CE442CA6}.Debug|x86.Build.0 = Debug|Win32
		{116B84FB-0108-4F65-8B14-E618CE442CA6}.Release|x64.ActiveCfg = Release|x64
		{116B84FB-0108-4F65-8B14-E618CE442CA6}.Release|x64.Build.0 = Release|x64
		{116B84FB-0108-4F65-8B14-E618CE442CA6}.Release|x86.ActiveCfg = Release|Win32
		{116B84FB-0108-4F65-8B14-E618CE442CA6}.Release|x86.Build.0 = Release|Win32
		{08C1DF73-3F57-40A8-A8B4-8FB02B423859}.Debug|x64.ActiveCfg = Debug|x64
		{08C1DF73-3F57-40A8-A8B4-8FB02B423859}.Debug|x64.Build.0 = Debug|x64
		{08C1DF73-3F57-40A8-A8B4-8FB02B423859}.Debug|x86.ActiveCfg = Debug|Win32
		{08C1DF73-3F57-40A8-A8B4-8FB02B423859}.Debug|x86.Build.0 = Debug|Win32
		{08C1DF73-3F57-40A8-A8B4-8FB02B423859}.Release|x64.ActiveCfg = Release|x64
		{08C1DF73-3F57-40A8-A8B4-8FB02B423859}.Release|x64.Build.0 = Release|x64
		{08C1DF73-3F57-40A8-A8B4-8FB02B423859}.Release|x86.ActiveCfg = Release|Win32
		{08C1DF73-3F57-40A8-A8B4-8FB02B423859}.Release|x86.Build.0 = Release|Win32
		{E3FAD794-0114-49CD-B56B-14C837FBDE84}.Debug|x64.ActiveCfg = Debug|x64
		{E3FAD794-0114-49CD-B56B-14C837FBDE84}.Debug|x64.Build.0 = Debug|x64
		{E3FAD794-0114-49CD-B56B-14C837FBDE84}.Debug|x86.ActiveCfg = Debug|Win32
		{E3FAD794-0114-49CD-B56B-14C837FBDE84}.Debug|x86.Build.0 = Debug|Win32
		{E3FAD794-0114-49CD-B56B-14C837FBDE84}.Release|x64.ActiveCfg = Release|x64
		{E3FAD794-0114-49CD-B56B-14C837FBDE84}.Release|x64.Build.0 = Release|x64
		{E3FAD794-0114-49CD-B56B-14C837FBDE84}.Release|x86.ActiveCfg = Release|Win32
		{E3FAD794-0114-49CD-B56B-14C837FBDE84}.Release|x86.Build.0 = Release|Win32
		{A5094240-8D25-46E9-9DE2-74DEC714735D}.Debug|x64.ActiveCfg = Debug|x64
		{A5094240-8D25-46E9-9DE2-74DEC714735D}.Debug|x64.Build.0 = Debug|x64
		{A5094240-8D25-46E9-9DE2-74DEC714735D}.Debug|x86.ActiveCfg = Debug|Win32
		{A5094240-8D25-46E9-9DE2-74DEC714735D}.Debug|x86.Build.0 = Debug|Win32
		{A5094240-8D25-46E9-9DE2-74DEC714735D}.Release|x64.ActiveCfg = Release|x64
		{A5094240-8D25-46E9-9DE2-74DEC714735D}.Release|x64.Build.0 = Release|x64
		{A5094240-8D25-46E9-9DE2-74DEC714735D}.Release|x86.ActiveCfg = Release|Win32
		{A5094240-8D25-46E9-9DE2-74DEC714735D}.Release|x86.Build.0 = Release|Win32
		{9687D05B-E233-4D92-BB50-20CD99868F1E}.Debug|x64.ActiveCfg = Debug|x64
		{9687D05B-E233-4D92-BB50-20CD99868F1E}.Debug|x64.Build.0 = Debug|x64
		{9687D05B-E233-4D92-BB50-20CD99868F1E}.Debug|x86.ActiveCfg = Debug|Win32
		{9687D05B-E233-4D92-BB50-20CD99868F1E}.Debug|x86.Build.0 = Debug|Win32
		{9687D05B-E233-4D92-BB50-20CD99868F1E}.Release|x64.ActiveCfg = Release|x64
		{9687D05B-E233-4D92-BB50-20CD99868F1E}.Release|x64.Build.0 = Release|x64
		{9687D05B-E233-4D92-BB50-20CD99868F1E}.Release|x86.ActiveCfg = Release|Win32
		{9687D05B-E233-4D92-BB50-20CD99868F1E}.Release|x86.Build.0 = Release|Win32
		{44A13208-F8B7-4AD5-8789-3DE0D3AE05CD}.Debug|x64.ActiveCfg = Debug|x64
		{44A13208-F8B7-4AD5-8789-3DE0D3AE05CD}.Debug|x64.Build.0 = Debug|x64
		{44A13208-F8B7-4AD5-8789-3DE0D3AE05CD}.Debug|x86.ActiveCfg = Debug|Win32
		{44A13208-F8B7-4AD5-8789-3DE0D3AE05CD}.Debug|x86.Build.0 = Debug|Win32
		{44A13208-F8B7-4AD5-8789-3DE0D3AE05CD}.Release|x64.ActiveCfg = Release|x64
		{44A13208-F8B7-4AD5-8789-3DE0D3AE05CD}.Release|x64.Build.0 = Release|x64
		{44A13208-F8B7-4AD5-8789-3DE0D3AE05CD}.Release|x86.ActiveCfg = Release|Win32
		{44A13208-F8B7-4AD5-8789-3DE0D3AE05CD}.Release|x86.Build.0 = Release|Win32
		{FE1391BF-2CF6-4A4D-AAFA-F59F6CD69F16}.Debug|x64.ActiveCfg = Debug|x64
		{FE1391BF-2CF6-4A4D-AAFA-F59F6CD69F16}.Debug|x64.Build.0 = Debug|x64
		{FE1391BF-2CF6-4A4D-AAFA-F59F6CD69F16}.Debug|x86.ActiveCfg = Debug|Win32
		{FE1391BF-2CF6-4A4D-AAFA-F59F6CD69F16}.Debug|x86.Build.0 = Debug|Win32
		{FE1391BF-2CF6-4A4D-AAFA-F59F6CD69F16}.Release|x64.ActiveCfg = Release|x64
		{FE1391BF-2CF6-4A4D-AAFA-F59F6CD69F16}.Release|x64.Build.0 = Release|x64
		{FE1391BF-2CF6-4A4D-AAFA-F59F6CD69F16}.Release|x86.ActiveCfg = Release|Win32
		{FE1391BF-2CF6-4A4D-AAFA-F59F6CD69F16}.Release|x86.Build.0 = Release|Win32
		{39823738-9DA5-4473-849C-A43AF513451A}.Debug|x64.ActiveCfg = Debug|x64
		{39823738-9DA5-4473-849C-A43AF513451A}.Debug|x64.Build.0 = Debug|x64
		{39823738-9DA5-4473-849C-A43AF513451A}.Debug|x86.ActiveCfg = Debug|Win32
		{39823738-9DA5-4473-849C-A43AF513451A}.Debug|x86.Build.0 = Debug|Win32
		{39823738-9DA5-4473-849C-A43AF513451A}.Release|x64.ActiveCfg = Release|x64
		{39823738-9DA5-4473-849C-A43AF513451A}.Release|x64.Build.0 = Release|x64
		{39823738-9DA5-4473-849C-A43AF513451A}.Release|x86.ActiveCfg = Release|Win32
		{39823738-9DA5-4473-849C-A43AF513451A}.Release|x86.Build.0 = Release|Win32
		{6D5CF0C4-286F-4235-9C77-F900ED8345D5}.Debug|x64.ActiveCfg = Debug|x64
		{6D5CF0C4-286F-4235-9C77-F900ED8345D5}.Debug|x64.Build.0 = Debug|x64
		{6D5CF0C4-286F-4235-9C77-F900ED8345D5}.Debug|x86.ActiveCfg = Debug|Win32
		{6D5CF0C4-286F-4235-9C77-F900ED8345D5}.Debug|x86.Build.0 = Debug|Win32
		{6D5CF0C4-286F-4235-9C77-F900ED8345D5}.Release|x64.ActiveCfg = Release|x64
		{6D5CF0C4-286F-4235-9C77-F900ED8345D5}.Release|x64.Build.0 = Release|x64
		{6D5CF0C4-286F-4235-9C77-F900ED8345D5}.Release|x86.ActiveCfg = Release|Win32
		{6D5CF0C4-286F-4235-9C77-F900ED8345D5}.Release|x86.Build.0 = Release|Win32
		{6CE66715-1556-42CF-BEF8-53FA3DF91141}.Debug|x64.ActiveCfg = Debug|x64
		{6CE66715-1556-42CF-BEF8-53FA3DF91141}.Debug|x64.Build.0 = Debug|x64
		{6CE66715-1556-42CF-BEF8-53FA3DF91141}.Debug|x86.ActiveCfg = Debug|Win32
		{6CE66715-1556-42CF-BEF8-53FA3DF91141}.Debug|x86.Build.0 = Debug|Win32
		{6CE66715-1556-42CF-BEF8-53FA3DF91141}.Release|x64.ActiveCfg = Release|x64
		{6CE66715-1556-42CF-BEF8-53FA3DF91141}.Release|x64.Build.0 = Release|x64
		{6CE66715-1556-42CF-BEF8-53FA3DF91141}.Release|x86.ActiveCfg = Release|Win32
		{6CE66715-1556-42CF-BEF8-53FA3DF91141}.Release|x86.Build.0 = Release|Win32
		{0B2C2698-9D53-4287-AEA0-2C2AA0159445}.Debug|x64.ActiveCfg = Debug|x64
		{0B2C2698-9D53-4287-AEA0-2C2AA0159445}.Debug|x64.Build.0 = Debug|x64
		{0B2C2698-9D53-4287-AEA0-2C2AA0159445}.Debug|x86.ActiveCfg = Debug|Win32
		{0B2C2698-9D53-4287-AEA0-2C2AA0159445}.Debug|x86.Build.0 = Debug|Win32
		{0B2C2698-9D53-4287-AEA0-2C2AA0159445}.Release|x64.ActiveCfg = Release|x64
		{0B2C2698-9D53-4287-AEA0-2C2AA0159445}.Release|x64.Build.0 = Release|x64
		{0B2C2698-9D53-4287-AEA0-2C2AA0159445}.Release|x86.ActiveCfg = Release|Win32
		{0B2C2698-9D53-4287-AEA0-2C2AA0159445}.Release|x86.Build.0 = Release|Win32
		{13D750AC-2E4D-47CA-A12B-E7A005BA59F6}.Debug|x64.ActiveCfg = Debug|x64
		{13D750AC-2E4D-47CA-A12B-E7A005BA59F6}.Debug|x64.Build.0 = Debug|x64
		{13D750AC-2E4D-47CA-A12B-E7A005BA59F6}.Debug|x86.ActiveCfg = Debug|Win32
		{13D750AC-2E4D-47CA-A12B-E7A005BA59F6}.Debug|x86.Build.0 = Debug|Win32
		{13D750AC-2E4D-47CA-A12B-E7A005BA59F6}.Release|x64.ActiveCfg = Release|x64
		{13D750AC-2E4D-47CA-A12B-E7A005BA59F6}.Release|x64.Build.0 = Release|x64
		{13D750AC-2E4D-47CA-A12B-E7A005BA59F6}.Release|x86.ActiveCfg = Release|Win32
		{13D750AC-2E4D-47CA-A12B-E7A005BA59F6}.Release|x86.Build.0 = Release|Win32
		{F5E156F1-D3D0-457C-9BA4-6008D91CAC2A}.Debug|x64.ActiveCfg = Debug|x64
		{F5E156F1-D3D0-457C-9BA4-6008D91CAC2A}.Debug|x64.Build.0 = Debug|x64
		{F5E156F1-D3D0-457C-9BA4-6008D91CAC2A}.Debug|x86.ActiveCfg = Debug|Win32
		{F5E156F1-D3D0-457C-9BA4-6008D91CAC2A}.Debug|x86.Build.0 = Debug|Win32
		{F5E156F1-D3D0-457C-9BA4-6008D91CAC2A}.Release|x64.ActiveCfg = Release|x64
		{F5E156F1-D3D0-457C-9BA4-6008D91CAC2A}.Release|x64.Build.0 = Release|x64
		{F5E156F1-D3D0-457C-9BA4-6008D91CAC2A}.Release|x86.ActiveCfg = Release|Win32
		{F5E156F1-D3D0-457C-9BA4-6008D91CAC2A}.Release|x86.Build.0 = Release|Win32
		{A80E43F4-6B31-4B84-A6E7-16FF85B33DB6}.Debug|x64.ActiveCfg = Debug|x64
		{A80E43F4-6B31-4B84-A6E7-16FF85B33DB6}.Debug|x64.Build.0 = Debug|x64
		{A80E43F4-6B31-4B84-A6E7-16FF85B33DB6}.Debug|x86.ActiveCfg = Debug|Win32
		{A80E43F4-6B31-4B84-A6E7-16FF85B33DB6}.Debug|x86.Build.0 = Debug|Win32
		{A80E43F4-6B31-4B84-A6E7-16FF85B33DB6}.Release|x64.ActiveCfg = Release|x64
		{A80E43F4-6B31-4B84-A6E7-16FF85B33DB6}.Release|x64.Build.0 = Release|x64
		{A80E43F4-6B31-4B84-A6E7-16FF85B33DB6}.Release|x86.ActiveCfg = Release|Win32
		{A80E43F4-6B31-4B84-A6E7-16FF85B33DB6}.Release|x86.Build.0 = Release|Win32
		{CC52BE36-F886-4A1E-91D6-B6480769104C}.Debug|x64.ActiveCfg = Debug|x64
		{CC52BE36-F886-4A1E-91D6-B6480769104C}.Debug|x64.Build.0 = Debug|x64
		{CC52BE36-F886-4A1E-91D6-B6480769104C}.Debug|x86.ActiveCfg = Debug|Win32
		{CC52BE36-F886-4A1E-91D6-B6480769104C}.Debug|x86.Build.0 = Debug|Win32
		{CC52BE36-F886-4A1E-91D6-B6480769104C}.Release|x64.ActiveCfg = Release|x64
		{CC52BE36-F886-4A1E-91D6-B6480769104C}.Release|x64.Build.0 = Release|x64
		{CC52BE36-F886-4A1E-91D6-B6480769104C}.Release|x86.ActiveCfg = Release|Win32
		{CC52BE36-F886-4A1E-91D6-B6480769104C}.Release|x86.Build.0 = Release|Win32
		{8DEC03EA-6BF0-4224-AEC7-3C115DDB3652}.Debug|x64.ActiveCfg = Debug|x64
		{8DEC03EA-6BF0-4224-AEC7-3C115DDB3652}.Debug|x64.Build.0 = Debug|x64
		{8DEC03EA-6BF0-4224-AEC7-3C115DDB3652}.Debug|x86.ActiveCfg = Debug|Win32
		{8DEC03EA-6BF0-4224-AEC7-3C115DDB3652}.Debug|x86.Build.0 = Debug|Win32
		{8DEC03EA-6BF0-4224-AEC7-3C115DDB3652}.Release|x64.ActiveCfg = Release|x64
		{8DEC03EA-6BF0-4224-AEC7-3C115DDB3652}.Release|x64.Build.0 = Release|x64
		{8DEC03EA-6BF0-4224-AEC7-3C115DDB3652}.Release|x86.ActiveCfg = Release|Win32
		{8DEC03EA-6BF0-4224-AEC7-3C115DDB3652}.Release|x86.Build.0 = Release|Win32
		{CCD54744-37CA-40D6-B17F-544A5E2E4529}.Debug|x64.ActiveCfg = Debug|x64
		{CCD54744-37CA-40D6-B17F-544A5E2E4529}.Debug|x64.Build.0 = Debug|x64
		{CCD54744-37CA-40D6-B17F-544A5E2E4529}.Debug|x86.ActiveCfg = Debug|Win32
		{CCD54744-37CA-40D6-B17F-544A5E2E4529}.Debug|x86.Build.0 = Debug|Win32
		{CCD54744-37CA-40D6-B17F-544A5E2E4529}.Release|x64.ActiveCfg = Release|x64
		{CCD54744-37CA-40D6-B17F-544A5E2E4529}.Release|x64.Build.0 = Release|x64
		{CCD54744-37CA-40D6-B17F-544A5E2E4529}.Release|x86.ActiveCfg = Release|Win32
		{CCD54744-37CA-40D6-B17F-544A5E2E4529}.Release|x86.Build.0 = Release|Win32
		{21443358-9DB6-4208-8A9D-9CF6872C923F}.Debug|x64.ActiveCfg = Debug|x64
		{21443358-9DB6-4208-8A9D-9CF6872C923F}.Debug|x64.Build.0 = Debug|x64
		{21443358-9DB6-4208-8A9D-9CF6872C923F}.Debug|x86.ActiveCfg = Debug|Win32
		{21443358-9DB6-4208-8A9D-9CF6872C923F}.Debug|x86.Build.0 = Debug|Win32
		{21443358-9DB6-4208-8A9D-9CF6872C923F}.Release|x64.ActiveCfg = Release|x64
		{21443358-9DB6-4208-8A9D-9CF6872C923F}.Release|x64.Build.0 = Release|x64
		{21443358-9DB6-4208-8A9D-9CF6872C923F}.Release|x86.ActiveCfg = Release|Win32
		{21443358-9DB6-4208-8A9D-9CF6872C923F}.Release|x86.Build.0 = Release|Win32
		{BBB12A67-CF2C-48A7-9AA5-EA4410F92311}.Debug|x64.ActiveCfg = Debug|x64
		{BBB12A67-CF2C-48A7-9AA5-EA4410F92311}.Debug|x64.Build.0 = Debug|x64
		{BBB12A67-CF2C-48A7-9AA5-EA4410F92311}.Debug|x86.ActiveCfg = Debug|Win32
		{BBB12A67-CF2C-48A7-9AA5-EA4410F92311}.Debug|x86.Build.0 = Debug|Win32
		{BBB12A67-CF2C-48A7-9AA5-EA4410F92311}.Release|x64.ActiveCfg = Release|x64
		{BBB12A67-CF2C-48A7-9AA5-EA4410F92311}.Release|x64.Build.0 = Release|x64
		{BBB12A67-CF2C-48A7-9AA5-EA4410F92311}.Release|x86.ActiveCfg = Release|Win32
		{BBB12A67-CF2C-48A7-9AA5-EA4410F92311}.Release|x86.Build.0 = Release|Win32
		{1850F26E-A1B8-4155-92FC-912D80394915}.Debug|x64.ActiveCfg = Debug|x64
		{1850F26E-A1B8-4155-92FC-912D80394915}.Debug|x64.Build.0 = Debug|x64
		{1850F26E-A1B8-4155-92FC-912D80394915}.Debug|x86.ActiveCfg = Debug|Win32
		{1850F26E-A1B8-4155-92FC-912D80394915}.Debug|x86.Build.0 = Debug|Win32
		{1850F26E-A1B8-4155-92FC-912D80394915}.Release|x64.ActiveCfg = Release|x64
		{1850F26E-A1B8-4155-92FC-912D80394915}.Release|x64.Build.0 = Release|x64
		{1850F26E-A1B8-4155-92FC-912D80394915}.Release|x86.ActiveCfg = Release|Win32
		{1850F26E-A1B8-4155-92FC-912D80394915}.Release|x86.Build.0 = Release|Win32
		{CBAA1EAA-B52A-44F9-9E56-D1909B197254}.Debug|x64.ActiveCfg = Debug|x64
		{CBAA1EAA-B52A-44F9-9E56-D1909B197254}.Debug|x64.Build.0 = Debug|x64
		{CBAA1EAA-B52A-44F9-9E56-D1909B197254}.Debug|x86.ActiveCfg = Debug|Win32
		{CBAA1EAA-B52A-44F9-9E56-D1909B197254}.Debug|x86.Build.0 = Debug|Win32
		{CBAA1EAA-B52A-44F9-9E56-D1909B197254}.Release|x64.ActiveCfg = Release|x64
		{CBAA1EAA-B52A-44F9-9E56-D1909B197254}.Release|x64.Build.0 = Release|x64
		{CBAA1EAA-B52A-44F9-9E56-D1909B197254}.Release|x86.ActiveCfg = Release|Win32
		{CBAA1EAA-B52A-44F9-9E56-D1909B197254}.Release|x86.Build.0 = Release|Win32
		{37C0E25D-50D7-4168-AA40-C33A2461AB7B}.Debug|x64.ActiveCfg = Debug|x64
		{37C0E25D-50D7-4168-AA40-C33A2461AB7B}.Debug|x64.Build.0 = Debug|x64
		{37C0E25D-50D7-4168-AA40-C33A2461AB7B}.Debug|x86.ActiveCfg = Debug|Win32
		{37C0E25D-50D7-4168-AA40-C33A2461AB7B}.Debug|x86.Build.0 = Debug|Win32
		{37C0E25D-50D7-4168-AA40-C33A2461AB7B}.Release|x64.ActiveCfg = Release|x64
		{37C0E25D-50D7-4168-AA40-C33A2461AB7B}.Release|x64.Build.0 = Release|x64
		{37C0E25D-50D7-4168-AA40-C33A2461AB7B}.Release|x86.ActiveCfg = Release|Win32
		{37C0E25D-50D7-4168-AA40-C33A2461AB7B}.Release|x86.Build.0 = Release|Win32
		{67F5FB61-A620-4B50-907C-A2F7219E248E}.Debug|x64.ActiveCfg = Debug|x64
		{67F5FB61-A620-4B50-907C-A2F7219E248E}.Debug|x64.Build.0 = Debug|x64
		{67F5FB61-A620-4B50-907C-A2F7219E248E}.Debug|x86.ActiveCfg = Debug|Win32
		{67F5FB61-A620-4B50-907C-A2F7219E248E}.Debug|x86.Build.0 = Debug|Win32
		{67F5FB61-A620-4B50-907C-A2F7219E248E}.Release|x64.ActiveCfg = Release|x64
		{67F5FB61-A620-4B50-907C-A2F7219E248E}.Release|x64.Build.0 = Release|x64
		{67F5FB61-A620-4B50-907C-A2F7219E248E}.Release|x86.ActiveCfg = Release|Win32
		{67F5FB61-A620-4B50-907C-A2F7219E248E}.Release|x86.Build.0 = Release|Win32
	EndGlobalSection
	GlobalSection(SolutionProperties) = preSolution
		HideSolutionNode = FALSE
	EndGlobalSection
	GlobalSection(ExtensibilityGlobals) = postSolution
		SolutionGuid = {F5B07F1C-4BD6-4F23-9B87-2AB518B98A43}
	EndGlobalSection
EndGlobal
