
Microsoft Visual Studio Solution File, Format Version 12.00
# Visual Studio Version 17
VisualStudioVersion = 17.11.35327.3
MinimumVisualStudioVersion = 10.0.40219.1
Project("{8BC9CEB8-8B4A-11D0-8D11-00A0C91BC942}") = "1000", "1000\1000.vcxproj", "{4A79A5F0-855D-4678-B2B5-6C75D0647F4E}"
EndProject
Project("{8BC9CEB8-8B4A-11D0-8D11-00A0C91BC942}") = "2557", "2557\2557.vcxproj", "{A01FF8ED-64A5-40DF-AD75-836F21C09837}"
EndProject
Project("{8BC9CEB8-8B4A-11D0-8D11-00A0C91BC942}") = "1001", "1001\1001.vcxproj", "{0FC7A26F-0ED4-4ED7-BFAB-ED027DBC26E7}"
EndProject
Project("{8BC9CEB8-8B4A-11D0-8D11-00A0C91BC942}") = "10998", "10998\10998.vcxproj", "{DF28AA79-E0D0-42CB-B17A-ECEA48E1E454}"
EndProject
Project("{8BC9CEB8-8B4A-11D0-8D11-00A0C91BC942}") = "1008", "1008\1008.vcxproj", "{B1F6FFE0-D82B-4856-9C88-72A14393822E}"
EndProject
Project("{8BC9CEB8-8B4A-11D0-8D11-00A0C91BC942}") = "10869", "10869\10869.vcxproj", "{0F88E817-D0B1-4C61-82B9-2EB941ED1CE6}"
EndProject
Project("{8BC9CEB8-8B4A-11D0-8D11-00A0C91BC942}") = "10926", "10926\10926.vcxproj", "{BF78AD77-4D98-4CD1-82D5-CCE31F268FB1}"
EndProject
Project("{8BC9CEB8-8B4A-11D0-8D11-00A0C91BC942}") = "18108", "18108\18108.vcxproj", "{6F20BEAB-947E-49ED-AC94-63E1374EF049}"
EndProject
Project("{8BC9CEB8-8B4A-11D0-8D11-00A0C91BC942}") = "10430", "10430\10430.vcxproj", "{88E3CDD4-B037-45A9-B9B0-8AC7D9B02D41}"
EndProject
Project("{8BC9CEB8-8B4A-11D0-8D11-00A0C91BC942}") = "2588", "2588\2588.vcxproj", "{64A9E045-8C88-4915-9EC4-FA7C45D9155F}"
EndProject
Project("{8BC9CEB8-8B4A-11D0-8D11-00A0C91BC942}") = "11382", "11382\11382.vcxproj", "{F831D92A-8333-482B-A8F6-498C7B9B0AF9}"
EndProject
Project("{8BC9CEB8-8B4A-11D0-8D11-00A0C91BC942}") = "10171", "10171\10171.vcxproj", "{85B96418-4204-440B-B7EA-BF5B94BF830D}"
EndProject
Project("{8BC9CEB8-8B4A-11D0-8D11-00A0C91BC942}") = "10172", "10172\10172.vcxproj", "{19FF5E96-80D3-4D2C-A513-4369ECDB501E}"
EndProject
Project("{8BC9CEB8-8B4A-11D0-8D11-00A0C91BC942}") = "1330", "1330\1330.vcxproj", "{AB248A68-2C52-4A7F-A3F4-3154B4B33EAE}"
EndProject
Project("{8BC9CEB8-8B4A-11D0-8D11-00A0C91BC942}") = "2438", "2438\2438.vcxproj", "{6153072A-5043-42A9-A218-BBCE3AEE9B39}"
EndProject
Project("{8BC9CEB8-8B4A-11D0-8D11-00A0C91BC942}") = "2439", "2439\2439.vcxproj", "{C5CB166E-7FAA-4D8F-AA73-919D32E0452C}"
EndProject
Project("{8BC9CEB8-8B4A-11D0-8D11-00A0C91BC942}") = "2480", "2480\2480.vcxproj", "{60B96E31-821B-487C-945E-B2C29DB9FBB0}"
EndProject
Project("{8BC9CEB8-8B4A-11D0-8D11-00A0C91BC942}") = "2525", "2525\2525.vcxproj", "{E503D96D-790B-41B6-839D-4A4B44749AF7}"
EndProject
Project("{8BC9CEB8-8B4A-11D0-8D11-00A0C91BC942}") = "2562", "2562\2562.vcxproj", "{FD107F09-6A41-49E4-96CF-03036D5938A4}"
EndProject
Project("{8BC9CEB8-8B4A-11D0-8D11-00A0C91BC942}") = "2739", "2739\2739.vcxproj", "{DF95C71A-25FC-42D2-AE7B-F301B7DB1882}"
EndProject
Project("{8BC9CEB8-8B4A-11D0-8D11-00A0C91BC942}") = "2753", "2753\2753.vcxproj", "{0BE75DD7-DC53-4C28-AC6A-6CD3CB56FD8E}"
EndProject
Project("{8BC9CEB8-8B4A-11D0-8D11-00A0C91BC942}") = "2884", "2884\2884.vcxproj", "{F9A92A89-64E0-4EDA-BB20-5AAD3012DF9B}"
EndProject
Project("{8BC9CEB8-8B4A-11D0-8D11-00A0C91BC942}") = "3052", "3052\3052.vcxproj", "{A2587365-7DDE-492B-87DE-3E4D82C42C01}"
EndProject
Project("{8BC9CEB8-8B4A-11D0-8D11-00A0C91BC942}") = "5597", "5597\5597.vcxproj", "{C41379DD-B650-48A3-889E-29733C610F4E}"
EndProject
Project("{8BC9CEB8-8B4A-11D0-8D11-00A0C91BC942}") = "8393", "8393\8393.vcxproj", "{E7C184A4-C8E9-4629-81E3-96D76307CCE9}"
EndProject
Project("{8BC9CEB8-8B4A-11D0-8D11-00A0C91BC942}") = "9498", "9498\9498.vcxproj", "{00171C61-78B6-4190-8B43-D3F94D845D6B}"
EndProject
Global
	GlobalSection(SolutionConfigurationPlatforms) = preSolution
		Debug|x64 = Debug|x64
		Debug|x86 = Debug|x86
		Release|x64 = Release|x64
		Release|x86 = Release|x86
	EndGlobalSection
	GlobalSection(ProjectConfigurationPlatforms) = postSolution
		{4A79A5F0-855D-4678-B2B5-6C75D0647F4E}.Debug|x64.ActiveCfg = Debug|x64
		{4A79A5F0-855D-4678-B2B5-6C75D0647F4E}.Debug|x64.Build.0 = Debug|x64
		{4A79A5F0-855D-4678-B2B5-6C75D0647F4E}.Debug|x86.ActiveCfg = Debug|Win32
		{4A79A5F0-855D-4678-B2B5-6C75D0647F4E}.Debug|x86.Build.0 = Debug|Win32
		{4A79A5F0-855D-4678-B2B5-6C75D0647F4E}.Release|x64.ActiveCfg = Release|x64
		{4A79A5F0-855D-4678-B2B5-6C75D0647F4E}.Release|x64.Build.0 = Release|x64
		{4A79A5F0-855D-4678-B2B5-6C75D0647F4E}.Release|x86.ActiveCfg = Release|Win32
		{4A79A5F0-855D-4678-B2B5-6C75D0647F4E}.Release|x86.Build.0 = Release|Win32
		{A01FF8ED-64A5-40DF-AD75-836F21C09837}.Debug|x64.ActiveCfg = Debug|x64
		{A01FF8ED-64A5-40DF-AD75-836F21C09837}.Debug|x64.Build.0 = Debug|x64
		{A01FF8ED-64A5-40DF-AD75-836F21C09837}.Debug|x86.ActiveCfg = Debug|Win32
		{A01FF8ED-64A5-40DF-AD75-836F21C09837}.Debug|x86.Build.0 = Debug|Win32
		{A01FF8ED-64A5-40DF-AD75-836F21C09837}.Release|x64.ActiveCfg = Release|x64
		{A01FF8ED-64A5-40DF-AD75-836F21C09837}.Release|x64.Build.0 = Release|x64
		{A01FF8ED-64A5-40DF-AD75-836F21C09837}.Release|x86.ActiveCfg = Release|Win32
		{A01FF8ED-64A5-40DF-AD75-836F21C09837}.Release|x86.Build.0 = Release|Win32
		{0FC7A26F-0ED4-4ED7-BFAB-ED027DBC26E7}.Debug|x64.ActiveCfg = Debug|x64
		{0FC7A26F-0ED4-4ED7-BFAB-ED027DBC26E7}.Debug|x64.Build.0 = Debug|x64
		{0FC7A26F-0ED4-4ED7-BFAB-ED027DBC26E7}.Debug|x86.ActiveCfg = Debug|Win32
		{0FC7A26F-0ED4-4ED7-BFAB-ED027DBC26E7}.Debug|x86.Build.0 = Debug|Win32
		{0FC7A26F-0ED4-4ED7-BFAB-ED027DBC26E7}.Release|x64.ActiveCfg = Release|x64
		{0FC7A26F-0ED4-4ED7-BFAB-ED027DBC26E7}.Release|x64.Build.0 = Release|x64
		{0FC7A26F-0ED4-4ED7-BFAB-ED027DBC26E7}.Release|x86.ActiveCfg = Release|Win32
		{0FC7A26F-0ED4-4ED7-BFAB-ED027DBC26E7}.Release|x86.Build.0 = Release|Win32
		{DF28AA79-E0D0-42CB-B17A-ECEA48E1E454}.Debug|x64.ActiveCfg = Debug|x64
		{DF28AA79-E0D0-42CB-B17A-ECEA48E1E454}.Debug|x64.Build.0 = Debug|x64
		{DF28AA79-E0D0-42CB-B17A-ECEA48E1E454}.Debug|x86.ActiveCfg = Debug|Win32
		{DF28AA79-E0D0-42CB-B17A-ECEA48E1E454}.Debug|x86.Build.0 = Debug|Win32
		{DF28AA79-E0D0-42CB-B17A-ECEA48E1E454}.Release|x64.ActiveCfg = Release|x64
		{DF28AA79-E0D0-42CB-B17A-ECEA48E1E454}.Release|x64.Build.0 = Release|x64
		{DF28AA79-E0D0-42CB-B17A-ECEA48E1E454}.Release|x86.ActiveCfg = Release|Win32
		{DF28AA79-E0D0-42CB-B17A-ECEA48E1E454}.Release|x86.Build.0 = Release|Win32
		{B1F6FFE0-D82B-4856-9C88-72A14393822E}.Debug|x64.ActiveCfg = Debug|x64
		{B1F6FFE0-D82B-4856-9C88-72A14393822E}.Debug|x64.Build.0 = Debug|x64
		{B1F6FFE0-D82B-4856-9C88-72A14393822E}.Debug|x86.ActiveCfg = Debug|Win32
		{B1F6FFE0-D82B-4856-9C88-72A14393822E}.Debug|x86.Build.0 = Debug|Win32
		{B1F6FFE0-D82B-4856-9C88-72A14393822E}.Release|x64.ActiveCfg = Release|x64
		{B1F6FFE0-D82B-4856-9C88-72A14393822E}.Release|x64.Build.0 = Release|x64
		{B1F6FFE0-D82B-4856-9C88-72A14393822E}.Release|x86.ActiveCfg = Release|Win32
		{B1F6FFE0-D82B-4856-9C88-72A14393822E}.Release|x86.Build.0 = Release|Win32
		{0F88E817-D0B1-4C61-82B9-2EB941ED1CE6}.Debug|x64.ActiveCfg = Debug|x64
		{0F88E817-D0B1-4C61-82B9-2EB941ED1CE6}.Debug|x64.Build.0 = Debug|x64
		{0F88E817-D0B1-4C61-82B9-2EB941ED1CE6}.Debug|x86.ActiveCfg = Debug|Win32
		{0F88E817-D0B1-4C61-82B9-2EB941ED1CE6}.Debug|x86.Build.0 = Debug|Win32
		{0F88E817-D0B1-4C61-82B9-2EB941ED1CE6}.Release|x64.ActiveCfg = Release|x64
		{0F88E817-D0B1-4C61-82B9-2EB941ED1CE6}.Release|x64.Build.0 = Release|x64
		{0F88E817-D0B1-4C61-82B9-2EB941ED1CE6}.Release|x86.ActiveCfg = Release|Win32
		{0F88E817-D0B1-4C61-82B9-2EB941ED1CE6}.Release|x86.Build.0 = Release|Win32
		{BF78AD77-4D98-4CD1-82D5-CCE31F268FB1}.Debug|x64.ActiveCfg = Debug|x64
		{BF78AD77-4D98-4CD1-82D5-CCE31F268FB1}.Debug|x64.Build.0 = Debug|x64
		{BF78AD77-4D98-4CD1-82D5-CCE31F268FB1}.Debug|x86.ActiveCfg = Debug|Win32
		{BF78AD77-4D98-4CD1-82D5-CCE31F268FB1}.Debug|x86.Build.0 = Debug|Win32
		{BF78AD77-4D98-4CD1-82D5-CCE31F268FB1}.Release|x64.ActiveCfg = Release|x64
		{BF78AD77-4D98-4CD1-82D5-CCE31F268FB1}.Release|x64.Build.0 = Release|x64
		{BF78AD77-4D98-4CD1-82D5-CCE31F268FB1}.Release|x86.ActiveCfg = Release|Win32
		{BF78AD77-4D98-4CD1-82D5-CCE31F268FB1}.Release|x86.Build.0 = Release|Win32
		{6F20BEAB-947E-49ED-AC94-63E1374EF049}.Debug|x64.ActiveCfg = Debug|x64
		{6F20BEAB-947E-49ED-AC94-63E1374EF049}.Debug|x64.Build.0 = Debug|x64
		{6F20BEAB-947E-49ED-AC94-63E1374EF049}.Debug|x86.ActiveCfg = Debug|Win32
		{6F20BEAB-947E-49ED-AC94-63E1374EF049}.Debug|x86.Build.0 = Debug|Win32
		{6F20BEAB-947E-49ED-AC94-63E1374EF049}.Release|x64.ActiveCfg = Release|x64
		{6F20BEAB-947E-49ED-AC94-63E1374EF049}.Release|x64.Build.0 = Release|x64
		{6F20BEAB-947E-49ED-AC94-63E1374EF049}.Release|x86.ActiveCfg = Release|Win32
		{6F20BEAB-947E-49ED-AC94-63E1374EF049}.Release|x86.Build.0 = Release|Win32
		{88E3CDD4-B037-45A9-B9B0-8AC7D9B02D41}.Debug|x64.ActiveCfg = Debug|x64
		{88E3CDD4-B037-45A9-B9B0-8AC7D9B02D41}.Debug|x64.Build.0 = Debug|x64
		{88E3CDD4-B037-45A9-B9B0-8AC7D9B02D41}.Debug|x86.ActiveCfg = Debug|Win32
		{88E3CDD4-B037-45A9-B9B0-8AC7D9B02D41}.Debug|x86.Build.0 = Debug|Win32
		{88E3CDD4-B037-45A9-B9B0-8AC7D9B02D41}.Release|x64.ActiveCfg = Release|x64
		{88E3CDD4-B037-45A9-B9B0-8AC7D9B02D41}.Release|x64.Build.0 = Release|x64
		{88E3CDD4-B037-45A9-B9B0-8AC7D9B02D41}.Release|x86.ActiveCfg = Release|Win32
		{88E3CDD4-B037-45A9-B9B0-8AC7D9B02D41}.Release|x86.Build.0 = Release|Win32
		{64A9E045-8C88-4915-9EC4-FA7C45D9155F}.Debug|x64.ActiveCfg = Debug|x64
		{64A9E045-8C88-4915-9EC4-FA7C45D9155F}.Debug|x64.Build.0 = Debug|x64
		{64A9E045-8C88-4915-9EC4-FA7C45D9155F}.Debug|x86.ActiveCfg = Debug|Win32
		{64A9E045-8C88-4915-9EC4-FA7C45D9155F}.Debug|x86.Build.0 = Debug|Win32
		{64A9E045-8C88-4915-9EC4-FA7C45D9155F}.Release|x64.ActiveCfg = Release|x64
		{64A9E045-8C88-4915-9EC4-FA7C45D9155F}.Release|x64.Build.0 = Release|x64
		{64A9E045-8C88-4915-9EC4-FA7C45D9155F}.Release|x86.ActiveCfg = Release|Win32
		{64A9E045-8C88-4915-9EC4-FA7C45D9155F}.Release|x86.Build.0 = Release|Win32
		{F831D92A-8333-482B-A8F6-498C7B9B0AF9}.Debug|x64.ActiveCfg = Debug|x64
		{F831D92A-8333-482B-A8F6-498C7B9B0AF9}.Debug|x64.Build.0 = Debug|x64
		{F831D92A-8333-482B-A8F6-498C7B9B0AF9}.Debug|x86.ActiveCfg = Debug|Win32
		{F831D92A-8333-482B-A8F6-498C7B9B0AF9}.Debug|x86.Build.0 = Debug|Win32
		{F831D92A-8333-482B-A8F6-498C7B9B0AF9}.Release|x64.ActiveCfg = Release|x64
		{F831D92A-8333-482B-A8F6-498C7B9B0AF9}.Release|x64.Build.0 = Release|x64
		{F831D92A-8333-482B-A8F6-498C7B9B0AF9}.Release|x86.ActiveCfg = Release|Win32
		{F831D92A-8333-482B-A8F6-498C7B9B0AF9}.Release|x86.Build.0 = Release|Win32
		{85B96418-4204-440B-B7EA-BF5B94BF830D}.Debug|x64.ActiveCfg = Debug|x64
		{85B96418-4204-440B-B7EA-BF5B94BF830D}.Debug|x64.Build.0 = Debug|x64
		{85B96418-4204-440B-B7EA-BF5B94BF830D}.Debug|x86.ActiveCfg = Debug|Win32
		{85B96418-4204-440B-B7EA-BF5B94BF830D}.Debug|x86.Build.0 = Debug|Win32
		{85B96418-4204-440B-B7EA-BF5B94BF830D}.Release|x64.ActiveCfg = Release|x64
		{85B96418-4204-440B-B7EA-BF5B94BF830D}.Release|x64.Build.0 = Release|x64
		{85B96418-4204-440B-B7EA-BF5B94BF830D}.Release|x86.ActiveCfg = Release|Win32
		{85B96418-4204-440B-B7EA-BF5B94BF830D}.Release|x86.Build.0 = Release|Win32
		{19FF5E96-80D3-4D2C-A513-4369ECDB501E}.Debug|x64.ActiveCfg = Debug|x64
		{19FF5E96-80D3-4D2C-A513-4369ECDB501E}.Debug|x64.Build.0 = Debug|x64
		{19FF5E96-80D3-4D2C-A513-4369ECDB501E}.Debug|x86.ActiveCfg = Debug|Win32
		{19FF5E96-80D3-4D2C-A513-4369ECDB501E}.Debug|x86.Build.0 = Debug|Win32
		{19FF5E96-80D3-4D2C-A513-4369ECDB501E}.Release|x64.ActiveCfg = Release|x64
		{19FF5E96-80D3-4D2C-A513-4369ECDB501E}.Release|x64.Build.0 = Release|x64
		{19FF5E96-80D3-4D2C-A513-4369ECDB501E}.Release|x86.ActiveCfg = Release|Win32
		{19FF5E96-80D3-4D2C-A513-4369ECDB501E}.Release|x86.Build.0 = Release|Win32
		{AB248A68-2C52-4A7F-A3F4-3154B4B33EAE}.Debug|x64.ActiveCfg = Debug|x64
		{AB248A68-2C52-4A7F-A3F4-3154B4B33EAE}.Debug|x64.Build.0 = Debug|x64
		{AB248A68-2C52-4A7F-A3F4-3154B4B33EAE}.Debug|x86.ActiveCfg = Debug|Win32
		{AB248A68-2C52-4A7F-A3F4-3154B4B33EAE}.Debug|x86.Build.0 = Debug|Win32
		{AB248A68-2C52-4A7F-A3F4-3154B4B33EAE}.Release|x64.ActiveCfg = Release|x64
		{AB248A68-2C52-4A7F-A3F4-3154B4B33EAE}.Release|x64.Build.0 = Release|x64
		{AB248A68-2C52-4A7F-A3F4-3154B4B33EAE}.Release|x86.ActiveCfg = Release|Win32
		{AB248A68-2C52-4A7F-A3F4-3154B4B33EAE}.Release|x86.Build.0 = Release|Win32
		{6153072A-5043-42A9-A218-BBCE3AEE9B39}.Debug|x64.ActiveCfg = Debug|x64
		{6153072A-5043-42A9-A218-BBCE3AEE9B39}.Debug|x64.Build.0 = Debug|x64
		{6153072A-5043-42A9-A218-BBCE3AEE9B39}.Debug|x86.ActiveCfg = Debug|Win32
		{6153072A-5043-42A9-A218-BBCE3AEE9B39}.Debug|x86.Build.0 = Debug|Win32
		{6153072A-5043-42A9-A218-BBCE3AEE9B39}.Release|x64.ActiveCfg = Release|x64
		{6153072A-5043-42A9-A218-BBCE3AEE9B39}.Release|x64.Build.0 = Release|x64
		{6153072A-5043-42A9-A218-BBCE3AEE9B39}.Release|x86.ActiveCfg = Release|Win32
		{6153072A-5043-42A9-A218-BBCE3AEE9B39}.Release|x86.Build.0 = Release|Win32
		{C5CB166E-7FAA-4D8F-AA73-919D32E0452C}.Debug|x64.ActiveCfg = Debug|x64
		{C5CB166E-7FAA-4D8F-AA73-919D32E0452C}.Debug|x64.Build.0 = Debug|x64
		{C5CB166E-7FAA-4D8F-AA73-919D32E0452C}.Debug|x86.ActiveCfg = Debug|Win32
		{C5CB166E-7FAA-4D8F-AA73-919D32E0452C}.Debug|x86.Build.0 = Debug|Win32
		{C5CB166E-7FAA-4D8F-AA73-919D32E0452C}.Release|x64.ActiveCfg = Release|x64
		{C5CB166E-7FAA-4D8F-AA73-919D32E0452C}.Release|x64.Build.0 = Release|x64
		{C5CB166E-7FAA-4D8F-AA73-919D32E0452C}.Release|x86.ActiveCfg = Release|Win32
		{C5CB166E-7FAA-4D8F-AA73-919D32E0452C}.Release|x86.Build.0 = Release|Win32
		{60B96E31-821B-487C-945E-B2C29DB9FBB0}.Debug|x64.ActiveCfg = Debug|x64
		{60B96E31-821B-487C-945E-B2C29DB9FBB0}.Debug|x64.Build.0 = Debug|x64
		{60B96E31-821B-487C-945E-B2C29DB9FBB0}.Debug|x86.ActiveCfg = Debug|Win32
		{60B96E31-821B-487C-945E-B2C29DB9FBB0}.Debug|x86.Build.0 = Debug|Win32
		{60B96E31-821B-487C-945E-B2C29DB9FBB0}.Release|x64.ActiveCfg = Release|x64
		{60B96E31-821B-487C-945E-B2C29DB9FBB0}.Release|x64.Build.0 = Release|x64
		{60B96E31-821B-487C-945E-B2C29DB9FBB0}.Release|x86.ActiveCfg = Release|Win32
		{60B96E31-821B-487C-945E-B2C29DB9FBB0}.Release|x86.Build.0 = Release|Win32
		{E503D96D-790B-41B6-839D-4A4B44749AF7}.Debug|x64.ActiveCfg = Debug|x64
		{E503D96D-790B-41B6-839D-4A4B44749AF7}.Debug|x64.Build.0 = Debug|x64
		{E503D96D-790B-41B6-839D-4A4B44749AF7}.Debug|x86.ActiveCfg = Debug|Win32
		{E503D96D-790B-41B6-839D-4A4B44749AF7}.Debug|x86.Build.0 = Debug|Win32
		{E503D96D-790B-41B6-839D-4A4B44749AF7}.Release|x64.ActiveCfg = Release|x64
		{E503D96D-790B-41B6-839D-4A4B44749AF7}.Release|x64.Build.0 = Release|x64
		{E503D96D-790B-41B6-839D-4A4B44749AF7}.Release|x86.ActiveCfg = Release|Win32
		{E503D96D-790B-41B6-839D-4A4B44749AF7}.Release|x86.Build.0 = Release|Win32
		{FD107F09-6A41-49E4-96CF-03036D5938A4}.Debug|x64.ActiveCfg = Debug|x64
		{FD107F09-6A41-49E4-96CF-03036D5938A4}.Debug|x64.Build.0 = Debug|x64
		{FD107F09-6A41-49E4-96CF-03036D5938A4}.Debug|x86.ActiveCfg = Debug|Win32
		{FD107F09-6A41-49E4-96CF-03036D5938A4}.Debug|x86.Build.0 = Debug|Win32
		{FD107F09-6A41-49E4-96CF-03036D5938A4}.Release|x64.ActiveCfg = Release|x64
		{FD107F09-6A41-49E4-96CF-03036D5938A4}.Release|x64.Build.0 = Release|x64
		{FD107F09-6A41-49E4-96CF-03036D5938A4}.Release|x86.ActiveCfg = Release|Win32
		{FD107F09-6A41-49E4-96CF-03036D5938A4}.Release|x86.Build.0 = Release|Win32
		{DF95C71A-25FC-42D2-AE7B-F301B7DB1882}.Debug|x64.ActiveCfg = Debug|x64
		{DF95C71A-25FC-42D2-AE7B-F301B7DB1882}.Debug|x64.Build.0 = Debug|x64
		{DF95C71A-25FC-42D2-AE7B-F301B7DB1882}.Debug|x86.ActiveCfg = Debug|Win32
		{DF95C71A-25FC-42D2-AE7B-F301B7DB1882}.Debug|x86.Build.0 = Debug|Win32
		{DF95C71A-25FC-42D2-AE7B-F301B7DB1882}.Release|x64.ActiveCfg = Release|x64
		{DF95C71A-25FC-42D2-AE7B-F301B7DB1882}.Release|x64.Build.0 = Release|x64
		{DF95C71A-25FC-42D2-AE7B-F301B7DB1882}.Release|x86.ActiveCfg = Release|Win32
		{DF95C71A-25FC-42D2-AE7B-F301B7DB1882}.Release|x86.Build.0 = Release|Win32
		{0BE75DD7-DC53-4C28-AC6A-6CD3CB56FD8E}.Debug|x64.ActiveCfg = Debug|x64
		{0BE75DD7-DC53-4C28-AC6A-6CD3CB56FD8E}.Debug|x64.Build.0 = Debug|x64
		{0BE75DD7-DC53-4C28-AC6A-6CD3CB56FD8E}.Debug|x86.ActiveCfg = Debug|Win32
		{0BE75DD7-DC53-4C28-AC6A-6CD3CB56FD8E}.Debug|x86.Build.0 = Debug|Win32
		{0BE75DD7-DC53-4C28-AC6A-6CD3CB56FD8E}.Release|x64.ActiveCfg = Release|x64
		{0BE75DD7-DC53-4C28-AC6A-6CD3CB56FD8E}.Release|x64.Build.0 = Release|x64
		{0BE75DD7-DC53-4C28-AC6A-6CD3CB56FD8E}.Release|x86.ActiveCfg = Release|Win32
		{0BE75DD7-DC53-4C28-AC6A-6CD3CB56FD8E}.Release|x86.Build.0 = Release|Win32
		{F9A92A89-64E0-4EDA-BB20-5AAD3012DF9B}.Debug|x64.ActiveCfg = Debug|x64
		{F9A92A89-64E0-4EDA-BB20-5AAD3012DF9B}.Debug|x64.Build.0 = Debug|x64
		{F9A92A89-64E0-4EDA-BB20-5AAD3012DF9B}.Debug|x86.ActiveCfg = Debug|Win32
		{F9A92A89-64E0-4EDA-BB20-5AAD3012DF9B}.Debug|x86.Build.0 = Debug|Win32
		{F9A92A89-64E0-4EDA-BB20-5AAD3012DF9B}.Release|x64.ActiveCfg = Release|x64
		{F9A92A89-64E0-4EDA-BB20-5AAD3012DF9B}.Release|x64.Build.0 = Release|x64
		{F9A92A89-64E0-4EDA-BB20-5AAD3012DF9B}.Release|x86.ActiveCfg = Release|Win32
		{F9A92A89-64E0-4EDA-BB20-5AAD3012DF9B}.Release|x86.Build.0 = Release|Win32
		{A2587365-7DDE-492B-87DE-3E4D82C42C01}.Debug|x64.ActiveCfg = Debug|x64
		{A2587365-7DDE-492B-87DE-3E4D82C42C01}.Debug|x64.Build.0 = Debug|x64
		{A2587365-7DDE-492B-87DE-3E4D82C42C01}.Debug|x86.ActiveCfg = Debug|Win32
		{A2587365-7DDE-492B-87DE-3E4D82C42C01}.Debug|x86.Build.0 = Debug|Win32
		{A2587365-7DDE-492B-87DE-3E4D82C42C01}.Release|x64.ActiveCfg = Release|x64
		{A2587365-7DDE-492B-87DE-3E4D82C42C01}.Release|x64.Build.0 = Release|x64
		{A2587365-7DDE-492B-87DE-3E4D82C42C01}.Release|x86.ActiveCfg = Release|Win32
		{A2587365-7DDE-492B-87DE-3E4D82C42C01}.Release|x86.Build.0 = Release|Win32
		{C41379DD-B650-48A3-889E-29733C610F4E}.Debug|x64.ActiveCfg = Debug|x64
		{C41379DD-B650-48A3-889E-29733C610F4E}.Debug|x64.Build.0 = Debug|x64
		{C41379DD-B650-48A3-889E-29733C610F4E}.Debug|x86.ActiveCfg = Debug|Win32
		{C41379DD-B650-48A3-889E-29733C610F4E}.Debug|x86.Build.0 = Debug|Win32
		{C41379DD-B650-48A3-889E-29733C610F4E}.Release|x64.ActiveCfg = Release|x64
		{C41379DD-B650-48A3-889E-29733C610F4E}.Release|x64.Build.0 = Release|x64
		{C41379DD-B650-48A3-889E-29733C610F4E}.Release|x86.ActiveCfg = Release|Win32
		{C41379DD-B650-48A3-889E-29733C610F4E}.Release|x86.Build.0 = Release|Win32
		{E7C184A4-C8E9-4629-81E3-96D76307CCE9}.Debug|x64.ActiveCfg = Debug|x64
		{E7C184A4-C8E9-4629-81E3-96D76307CCE9}.Debug|x64.Build.0 = Debug|x64
		{E7C184A4-C8E9-4629-81E3-96D76307CCE9}.Debug|x86.ActiveCfg = Debug|Win32
		{E7C184A4-C8E9-4629-81E3-96D76307CCE9}.Debug|x86.Build.0 = Debug|Win32
		{E7C184A4-C8E9-4629-81E3-96D76307CCE9}.Release|x64.ActiveCfg = Release|x64
		{E7C184A4-C8E9-4629-81E3-96D76307CCE9}.Release|x64.Build.0 = Release|x64
		{E7C184A4-C8E9-4629-81E3-96D76307CCE9}.Release|x86.ActiveCfg = Release|Win32
		{E7C184A4-C8E9-4629-81E3-96D76307CCE9}.Release|x86.Build.0 = Release|Win32
		{00171C61-78B6-4190-8B43-D3F94D845D6B}.Debug|x64.ActiveCfg = Debug|x64
		{00171C61-78B6-4190-8B43-D3F94D845D6B}.Debug|x64.Build.0 = Debug|x64
		{00171C61-78B6-4190-8B43-D3F94D845D6B}.Debug|x86.ActiveCfg = Debug|Win32
		{00171C61-78B6-4190-8B43-D3F94D845D6B}.Debug|x86.Build.0 = Debug|Win32
		{00171C61-78B6-4190-8B43-D3F94D845D6B}.Release|x64.ActiveCfg = Release|x64
		{00171C61-78B6-4190-8B43-D3F94D845D6B}.Release|x64.Build.0 = Release|x64
		{00171C61-78B6-4190-8B43-D3F94D845D6B}.Release|x86.ActiveCfg = Release|Win32
		{00171C61-78B6-4190-8B43-D3F94D845D6B}.Release|x86.Build.0 = Release|Win32
	EndGlobalSection
	GlobalSection(SolutionProperties) = preSolution
		HideSolutionNode = FALSE
	EndGlobalSection
	GlobalSection(ExtensibilityGlobals) = postSolution
		SolutionGuid = {F8762E1E-69C9-437C-BCF9-8272AD95D65A}
	EndGlobalSection
EndGlobal
