
Microsoft Visual Studio Solution File, Format Version 12.00
# Visual Studio Version 17
VisualStudioVersion = 17.11.35327.3
MinimumVisualStudioVersion = 10.0.40219.1
Project("{8BC9CEB8-8B4A-11D0-8D11-00A0C91BC942}") = "1000", "1000\1000.vcxproj", "{4A79A5F0-855D-4678-B2B5-6C75D0647F4E}"
EndProject
Project("{8BC9CEB8-8B4A-11D0-8D11-00A0C91BC942}") = "2557", "2557\2557.vcxproj", "{A01FF8ED-64A5-40DF-AD75-836F21C09837}"
EndProject
Project("{8BC9CEB8-8B4A-11D0-8D11-00A0C91BC942}") = "1001", "1001\1001.vcxproj", "{0FC7A26F-0ED4-4ED7-BFAB-ED027DBC26E7}"
EndProject
Project("{8BC9CEB8-8B4A-11D0-8D11-00A0C91BC942}") = "10998", "10998\10998.vcxproj", "{DF28AA79-E0D0-42CB-B17A-ECEA48E1E454}"
EndProject
Project("{8BC9CEB8-8B4A-11D0-8D11-00A0C91BC942}") = "1008", "1008\1008.vcxproj", "{B1F6FFE0-D82B-4856-9C88-72A14393822E}"
EndProject
Project("{8BC9CEB8-8B4A-11D0-8D11-00A0C91BC942}") = "10869", "10869\10869.vcxproj", "{0F88E817-D0B1-4C61-82B9-2EB941ED1CE6}"
EndProject
Project("{8BC9CEB8-8B4A-11D0-8D11-00A0C91BC942}") = "10926", "10926\10926.vcxproj", "{BF78AD77-4D98-4CD1-82D5-CCE31F268FB1}"
EndProject
Project("{8BC9CEB8-8B4A-11D0-8D11-00A0C91BC942}") = "18108", "18108\18108.vcxproj", "{6F20BEAB-947E-49ED-AC94-63E1374EF049}"
EndProject
Project("{8BC9CEB8-8B4A-11D0-8D11-00A0C91BC942}") = "10430", "10430\10430.vcxproj", "{88E3CDD4-B037-45A9-B9B0-8AC7D9B02D41}"
EndProject
Project("{8BC9CEB8-8B4A-11D0-8D11-00A0C91BC942}") = "2588", "2588\2588.vcxproj", "{64A9E045-8C88-4915-9EC4-FA7C45D9155F}"
EndProject
Project("{8BC9CEB8-8B4A-11D0-8D11-00A0C91BC942}") = "11382", "11382\11382.vcxproj", "{F831D92A-8333-482B-A8F6-498C7B9B0AF9}"
EndProject
Project("{8BC9CEB8-8B4A-11D0-8D11-00A0C91BC942}") = "10171", "10171\10171.vcxproj", "{85B96418-4204-440B-B7EA-BF5B94BF830D}"
EndProject
Project("{8BC9CEB8-8B4A-11D0-8D11-00A0C91BC942}") = "10172", "10172\10172.vcxproj", "{19FF5E96-80D3-4D2C-A513-4369ECDB501E}"
EndProject
Project("{8BC9CEB8-8B4A-11D0-8D11-00A0C91BC942}") = "1330", "1330\1330.vcxproj", "{AB248A68-2C52-4A7F-A3F4-3154B4B33EAE}"
EndProject
Project("{8BC9CEB8-8B4A-11D0-8D11-00A0C91BC942}") = "2438", "2438\2438.vcxproj", "{6153072A-5043-42A9-A218-BBCE3AEE9B39}"
EndProject
Project("{8BC9CEB8-8B4A-11D0-8D11-00A0C91BC942}") = "2439", "2439\2439.vcxproj", "{C5CB166E-7FAA-4D8F-AA73-919D32E0452C}"
EndProject
Project("{8BC9CEB8-8B4A-11D0-8D11-00A0C91BC942}") = "2480", "2480\2480.vcxproj", "{60B96E31-821B-487C-945E-B2C29DB9FBB0}"
EndProject
Project("{8BC9CEB8-8B4A-11D0-8D11-00A0C91BC942}") = "2525", "2525\2525.vcxproj", "{E503D96D-790B-41B6-839D-4A4B44749AF7}"
EndProject
Project("{8BC9CEB8-8B4A-11D0-8D11-00A0C91BC942}") = "2562", "2562\2562.vcxproj", "{FD107F09-6A41-49E4-96CF-03036D5938A4}"
EndProject
Project("{8BC9CEB8-8B4A-11D0-8D11-00A0C91BC942}") = "2739", "2739\2739.vcxproj", "{DF95C71A-25FC-42D2-AE7B-F301B7DB1882}"
EndProject
Project("{8BC9CEB8-8B4A-11D0-8D11-00A0C91BC942}") = "2753", "2753\2753.vcxproj", "{0BE75DD7-DC53-4C28-AC6A-6CD3CB56FD8E}"
EndProject
Project("{8BC9CEB8-8B4A-11D0-8D11-00A0C91BC942}") = "2884", "2884\2884.vcxproj", "{F9A92A89-64E0-4EDA-BB20-5AAD3012DF9B}"
EndProject
Project("{8BC9CEB8-8B4A-11D0-8D11-00A0C91BC942}") = "3052", "3052\3052.vcxproj", "{A2587365-7DDE-492B-87DE-3E4D82C42C01}"
EndProject
Project("{8BC9CEB8-8B4A-11D0-8D11-00A0C91BC942}") = "5597", "5597\5597.vcxproj", "{C41379DD-B650-48A3-889E-29733C610F4E}"
EndProject
Project("{8BC9CEB8-8B4A-11D0-8D11-00A0C91BC942}") = "8393", "8393\8393.vcxproj", "{E7C184A4-C8E9-4629-81E3-96D76307CCE9}"
EndProject
Project("{8BC9CEB8-8B4A-11D0-8D11-00A0C91BC942}") = "9498", "9498\9498.vcxproj", "{00171C61-78B6-4190-8B43-D3F94D845D6B}"
EndProject
Project("{8BC9CEB8-8B4A-11D0-8D11-00A0C91BC942}") = "10807", "10807\10807.vcxproj", "{38B4310E-EE66-436E-8707-90C349720868}"
EndProject
Project("{8BC9CEB8-8B4A-11D0-8D11-00A0C91BC942}") = "10810", "10810\10810.vcxproj", "{20633CE6-DA44-4B93-8249-BBFCAB3AB6F5}"
EndProject
Project("{8BC9CEB8-8B4A-11D0-8D11-00A0C91BC942}") = "10811", "10811\10811.vcxproj", "{2FC502B9-1199-40FD-A3CC-D9E40B070A75}"
EndProject
Project("{8BC9CEB8-8B4A-11D0-8D11-00A0C91BC942}") = "10813", "10813\10813.vcxproj", "{019E03FB-BA64-4412-91C1-7056EB8A081B}"
EndProject
Project("{8BC9CEB8-8B4A-11D0-8D11-00A0C91BC942}") = "10818", "10818\10818.vcxproj", "{CAD98086-8AD9-4056-B932-0E640416CCF6}"
EndProject
Project("{8BC9CEB8-8B4A-11D0-8D11-00A0C91BC942}") = "10871", "10871\10871.vcxproj", "{047BE45B-414C-44F8-85B9-C4914C228F16}"
EndProject
Project("{8BC9CEB8-8B4A-11D0-8D11-00A0C91BC942}") = "10950", "10950\10950.vcxproj", "{F6193ADD-8B5D-4660-95EB-D30D02246A12}"
EndProject
Project("{8BC9CEB8-8B4A-11D0-8D11-00A0C91BC942}") = "10951", "10951\10951.vcxproj", "{32F80F2D-C3BE-47CC-8CFA-26F0857AB078}"
EndProject
Project("{8BC9CEB8-8B4A-11D0-8D11-00A0C91BC942}") = "10952", "10952\10952.vcxproj", "{2E61F5A6-2155-491B-9824-BC9815899332}"
EndProject
Project("{8BC9CEB8-8B4A-11D0-8D11-00A0C91BC942}") = "11021", "11021\11021.vcxproj", "{55644EAB-4162-422C-B486-F2407A6C114D}"
EndProject
Project("{8BC9CEB8-8B4A-11D0-8D11-00A0C91BC942}") = "11022", "11022\11022.vcxproj", "{756FCFA6-7D78-446B-A98B-090101E39145}"
EndProject
Project("{8BC9CEB8-8B4A-11D0-8D11-00A0C91BC942}") = "14681", "14681\14681.vcxproj", "{E5FCADAD-673B-495E-BC96-D5578E16AF32}"
EndProject
Project("{8BC9CEB8-8B4A-11D0-8D11-00A0C91BC942}") = "15552", "15552\15552.vcxproj", "{465F822B-9F79-4596-B37D-F1A399554AC2}"
EndProject
Project("{8BC9CEB8-8B4A-11D0-8D11-00A0C91BC942}") = "25304", "25304\25304.vcxproj", "{6378A150-3AB3-48B6-87F0-B39DBA97AEF0}"
EndProject
Project("{8BC9CEB8-8B4A-11D0-8D11-00A0C91BC942}") = "25314", "25314\25314.vcxproj", "{D4C973A5-6EDD-4754-938C-F8343A938B25}"
EndProject
Project("{8BC9CEB8-8B4A-11D0-8D11-00A0C91BC942}") = "1546", "1546\1546.vcxproj", "{C7025723-E6A6-4435-A766-20B538A65F16}"
EndProject
Project("{8BC9CEB8-8B4A-11D0-8D11-00A0C91BC942}") = "27866", "27866\27866.vcxproj", "{D209DAFE-7C74-474C-924E-B5786EB98F1A}"
EndProject
Project("{8BC9CEB8-8B4A-11D0-8D11-00A0C91BC942}") = "2743", "2743\2743.vcxproj", "{5BEB15E3-47F6-4F04-819D-0AD883CF8126}"
EndProject
Project("{8BC9CEB8-8B4A-11D0-8D11-00A0C91BC942}") = "9086", "9086\9086.vcxproj", "{778F60E4-14B9-44B2-B3CF-2E3C98D12F9C}"
EndProject
Project("{8BC9CEB8-8B4A-11D0-8D11-00A0C91BC942}") = "11654", "11654\11654.vcxproj", "{44E71810-B90F-4B65-A823-E3FB1AD67A93}"
EndProject
Project("{8BC9CEB8-8B4A-11D0-8D11-00A0C91BC942}") = "11720", "11720\11720.vcxproj", "{45A5C6D0-5638-47DA-9C85-8D322605A1FD}"
EndProject
Project("{8BC9CEB8-8B4A-11D0-8D11-00A0C91BC942}") = "10809", "10809\10809.vcxproj", "{1125093A-2DA2-4800-BEAC-81974324C0F8}"
EndProject
Project("{8BC9CEB8-8B4A-11D0-8D11-00A0C91BC942}") = "2675", "2675\2675.vcxproj", "{F025469D-11F4-4E87-9D94-442721946E4F}"
EndProject
Project("{8BC9CEB8-8B4A-11D0-8D11-00A0C91BC942}") = "1152", "1152\1152.vcxproj", "{5350B847-0076-461C-B01D-888791AAB54C}"
EndProject
Project("{8BC9CEB8-8B4A-11D0-8D11-00A0C91BC942}") = "2908", "2908\2908.vcxproj", "{050C389A-05E9-4826-8900-50991D5F518B}"
EndProject
Project("{8BC9CEB8-8B4A-11D0-8D11-00A0C91BC942}") = "5622", "5622\5622.vcxproj", "{56BB504A-3F80-4BC6-90C2-D6921C8A8F91}"
EndProject
Project("{8BC9CEB8-8B4A-11D0-8D11-00A0C91BC942}") = "11718", "11718\11718.vcxproj", "{1C78C6AB-7ACF-413E-A431-D2A65C3DE041}"
EndProject
Global
	GlobalSection(SolutionConfigurationPlatforms) = preSolution
		Debug|x64 = Debug|x64
		Debug|x86 = Debug|x86
		Release|x64 = Release|x64
		Release|x86 = Release|x86
	EndGlobalSection
	GlobalSection(ProjectConfigurationPlatforms) = postSolution
		{4A79A5F0-855D-4678-B2B5-6C75D0647F4E}.Debug|x64.ActiveCfg = Debug|x64
		{4A79A5F0-855D-4678-B2B5-6C75D0647F4E}.Debug|x64.Build.0 = Debug|x64
		{4A79A5F0-855D-4678-B2B5-6C75D0647F4E}.Debug|x86.ActiveCfg = Debug|Win32
		{4A79A5F0-855D-4678-B2B5-6C75D0647F4E}.Debug|x86.Build.0 = Debug|Win32
		{4A79A5F0-855D-4678-B2B5-6C75D0647F4E}.Release|x64.ActiveCfg = Release|x64
		{4A79A5F0-855D-4678-B2B5-6C75D0647F4E}.Release|x64.Build.0 = Release|x64
		{4A79A5F0-855D-4678-B2B5-6C75D0647F4E}.Release|x86.ActiveCfg = Release|Win32
		{4A79A5F0-855D-4678-B2B5-6C75D0647F4E}.Release|x86.Build.0 = Release|Win32
		{A01FF8ED-64A5-40DF-AD75-836F21C09837}.Debug|x64.ActiveCfg = Debug|x64
		{A01FF8ED-64A5-40DF-AD75-836F21C09837}.Debug|x64.Build.0 = Debug|x64
		{A01FF8ED-64A5-40DF-AD75-836F21C09837}.Debug|x86.ActiveCfg = Debug|Win32
		{A01FF8ED-64A5-40DF-AD75-836F21C09837}.Debug|x86.Build.0 = Debug|Win32
		{A01FF8ED-64A5-40DF-AD75-836F21C09837}.Release|x64.ActiveCfg = Release|x64
		{A01FF8ED-64A5-40DF-AD75-836F21C09837}.Release|x64.Build.0 = Release|x64
		{A01FF8ED-64A5-40DF-AD75-836F21C09837}.Release|x86.ActiveCfg = Release|Win32
		{A01FF8ED-64A5-40DF-AD75-836F21C09837}.Release|x86.Build.0 = Release|Win32
		{0FC7A26F-0ED4-4ED7-BFAB-ED027DBC26E7}.Debug|x64.ActiveCfg = Debug|x64
		{0FC7A26F-0ED4-4ED7-BFAB-ED027DBC26E7}.Debug|x64.Build.0 = Debug|x64
		{0FC7A26F-0ED4-4ED7-BFAB-ED027DBC26E7}.Debug|x86.ActiveCfg = Debug|Win32
		{0FC7A26F-0ED4-4ED7-BFAB-ED027DBC26E7}.Debug|x86.Build.0 = Debug|Win32
		{0FC7A26F-0ED4-4ED7-BFAB-ED027DBC26E7}.Release|x64.ActiveCfg = Release|x64
		{0FC7A26F-0ED4-4ED7-BFAB-ED027DBC26E7}.Release|x64.Build.0 = Release|x64
		{0FC7A26F-0ED4-4ED7-BFAB-ED027DBC26E7}.Release|x86.ActiveCfg = Release|Win32
		{0FC7A26F-0ED4-4ED7-BFAB-ED027DBC26E7}.Release|x86.Build.0 = Release|Win32
		{DF28AA79-E0D0-42CB-B17A-ECEA48E1E454}.Debug|x64.ActiveCfg = Debug|x64
		{DF28AA79-E0D0-42CB-B17A-ECEA48E1E454}.Debug|x64.Build.0 = Debug|x64
		{DF28AA79-E0D0-42CB-B17A-ECEA48E1E454}.Debug|x86.ActiveCfg = Debug|Win32
		{DF28AA79-E0D0-42CB-B17A-ECEA48E1E454}.Debug|x86.Build.0 = Debug|Win32
		{DF28AA79-E0D0-42CB-B17A-ECEA48E1E454}.Release|x64.ActiveCfg = Release|x64
		{DF28AA79-E0D0-42CB-B17A-ECEA48E1E454}.Release|x64.Build.0 = Release|x64
		{DF28AA79-E0D0-42CB-B17A-ECEA48E1E454}.Release|x86.ActiveCfg = Release|Win32
		{DF28AA79-E0D0-42CB-B17A-ECEA48E1E454}.Release|x86.Build.0 = Release|Win32
		{B1F6FFE0-D82B-4856-9C88-72A14393822E}.Debug|x64.ActiveCfg = Debug|x64
		{B1F6FFE0-D82B-4856-9C88-72A14393822E}.Debug|x64.Build.0 = Debug|x64
		{B1F6FFE0-D82B-4856-9C88-72A14393822E}.Debug|x86.ActiveCfg = Debug|Win32
		{B1F6FFE0-D82B-4856-9C88-72A14393822E}.Debug|x86.Build.0 = Debug|Win32
		{B1F6FFE0-D82B-4856-9C88-72A14393822E}.Release|x64.ActiveCfg = Release|x64
		{B1F6FFE0-D82B-4856-9C88-72A14393822E}.Release|x64.Build.0 = Release|x64
		{B1F6FFE0-D82B-4856-9C88-72A14393822E}.Release|x86.ActiveCfg = Release|Win32
		{B1F6FFE0-D82B-4856-9C88-72A14393822E}.Release|x86.Build.0 = Release|Win32
		{0F88E817-D0B1-4C61-82B9-2EB941ED1CE6}.Debug|x64.ActiveCfg = Debug|x64
		{0F88E817-D0B1-4C61-82B9-2EB941ED1CE6}.Debug|x64.Build.0 = Debug|x64
		{0F88E817-D0B1-4C61-82B9-2EB941ED1CE6}.Debug|x86.ActiveCfg = Debug|Win32
		{0F88E817-D0B1-4C61-82B9-2EB941ED1CE6}.Debug|x86.Build.0 = Debug|Win32
		{0F88E817-D0B1-4C61-82B9-2EB941ED1CE6}.Release|x64.ActiveCfg = Release|x64
		{0F88E817-D0B1-4C61-82B9-2EB941ED1CE6}.Release|x64.Build.0 = Release|x64
		{0F88E817-D0B1-4C61-82B9-2EB941ED1CE6}.Release|x86.ActiveCfg = Release|Win32
		{0F88E817-D0B1-4C61-82B9-2EB941ED1CE6}.Release|x86.Build.0 = Release|Win32
		{BF78AD77-4D98-4CD1-82D5-CCE31F268FB1}.Debug|x64.ActiveCfg = Debug|x64
		{BF78AD77-4D98-4CD1-82D5-CCE31F268FB1}.Debug|x64.Build.0 = Debug|x64
		{BF78AD77-4D98-4CD1-82D5-CCE31F268FB1}.Debug|x86.ActiveCfg = Debug|Win32
		{BF78AD77-4D98-4CD1-82D5-CCE31F268FB1}.Debug|x86.Build.0 = Debug|Win32
		{BF78AD77-4D98-4CD1-82D5-CCE31F268FB1}.Release|x64.ActiveCfg = Release|x64
		{BF78AD77-4D98-4CD1-82D5-CCE31F268FB1}.Release|x64.Build.0 = Release|x64
		{BF78AD77-4D98-4CD1-82D5-CCE31F268FB1}.Release|x86.ActiveCfg = Release|Win32
		{BF78AD77-4D98-4CD1-82D5-CCE31F268FB1}.Release|x86.Build.0 = Release|Win32
		{6F20BEAB-947E-49ED-AC94-63E1374EF049}.Debug|x64.ActiveCfg = Debug|x64
		{6F20BEAB-947E-49ED-AC94-63E1374EF049}.Debug|x64.Build.0 = Debug|x64
		{6F20BEAB-947E-49ED-AC94-63E1374EF049}.Debug|x86.ActiveCfg = Debug|Win32
		{6F20BEAB-947E-49ED-AC94-63E1374EF049}.Debug|x86.Build.0 = Debug|Win32
		{6F20BEAB-947E-49ED-AC94-63E1374EF049}.Release|x64.ActiveCfg = Release|x64
		{6F20BEAB-947E-49ED-AC94-63E1374EF049}.Release|x64.Build.0 = Release|x64
		{6F20BEAB-947E-49ED-AC94-63E1374EF049}.Release|x86.ActiveCfg = Release|Win32
		{6F20BEAB-947E-49ED-AC94-63E1374EF049}.Release|x86.Build.0 = Release|Win32
		{88E3CDD4-B037-45A9-B9B0-8AC7D9B02D41}.Debug|x64.ActiveCfg = Debug|x64
		{88E3CDD4-B037-45A9-B9B0-8AC7D9B02D41}.Debug|x64.Build.0 = Debug|x64
		{88E3CDD4-B037-45A9-B9B0-8AC7D9B02D41}.Debug|x86.ActiveCfg = Debug|Win32
		{88E3CDD4-B037-45A9-B9B0-8AC7D9B02D41}.Debug|x86.Build.0 = Debug|Win32
		{88E3CDD4-B037-45A9-B9B0-8AC7D9B02D41}.Release|x64.ActiveCfg = Release|x64
		{88E3CDD4-B037-45A9-B9B0-8AC7D9B02D41}.Release|x64.Build.0 = Release|x64
		{88E3CDD4-B037-45A9-B9B0-8AC7D9B02D41}.Release|x86.ActiveCfg = Release|Win32
		{88E3CDD4-B037-45A9-B9B0-8AC7D9B02D41}.Release|x86.Build.0 = Release|Win32
		{64A9E045-8C88-4915-9EC4-FA7C45D9155F}.Debug|x64.ActiveCfg = Debug|x64
		{64A9E045-8C88-4915-9EC4-FA7C45D9155F}.Debug|x64.Build.0 = Debug|x64
		{64A9E045-8C88-4915-9EC4-FA7C45D9155F}.Debug|x86.ActiveCfg = Debug|Win32
		{64A9E045-8C88-4915-9EC4-FA7C45D9155F}.Debug|x86.Build.0 = Debug|Win32
		{64A9E045-8C88-4915-9EC4-FA7C45D9155F}.Release|x64.ActiveCfg = Release|x64
		{64A9E045-8C88-4915-9EC4-FA7C45D9155F}.Release|x64.Build.0 = Release|x64
		{64A9E045-8C88-4915-9EC4-FA7C45D9155F}.Release|x86.ActiveCfg = Release|Win32
		{64A9E045-8C88-4915-9EC4-FA7C45D9155F}.Release|x86.Build.0 = Release|Win32
		{F831D92A-8333-482B-A8F6-498C7B9B0AF9}.Debug|x64.ActiveCfg = Debug|x64
		{F831D92A-8333-482B-A8F6-498C7B9B0AF9}.Debug|x64.Build.0 = Debug|x64
		{F831D92A-8333-482B-A8F6-498C7B9B0AF9}.Debug|x86.ActiveCfg = Debug|Win32
		{F831D92A-8333-482B-A8F6-498C7B9B0AF9}.Debug|x86.Build.0 = Debug|Win32
		{F831D92A-8333-482B-A8F6-498C7B9B0AF9}.Release|x64.ActiveCfg = Release|x64
		{F831D92A-8333-482B-A8F6-498C7B9B0AF9}.Release|x64.Build.0 = Release|x64
		{F831D92A-8333-482B-A8F6-498C7B9B0AF9}.Release|x86.ActiveCfg = Release|Win32
		{F831D92A-8333-482B-A8F6-498C7B9B0AF9}.Release|x86.Build.0 = Release|Win32
		{85B96418-4204-440B-B7EA-BF5B94BF830D}.Debug|x64.ActiveCfg = Debug|x64
		{85B96418-4204-440B-B7EA-BF5B94BF830D}.Debug|x64.Build.0 = Debug|x64
		{85B96418-4204-440B-B7EA-BF5B94BF830D}.Debug|x86.ActiveCfg = Debug|Win32
		{85B96418-4204-440B-B7EA-BF5B94BF830D}.Debug|x86.Build.0 = Debug|Win32
		{85B96418-4204-440B-B7EA-BF5B94BF830D}.Release|x64.ActiveCfg = Release|x64
		{85B96418-4204-440B-B7EA-BF5B94BF830D}.Release|x64.Build.0 = Release|x64
		{85B96418-4204-440B-B7EA-BF5B94BF830D}.Release|x86.ActiveCfg = Release|Win32
		{85B96418-4204-440B-B7EA-BF5B94BF830D}.Release|x86.Build.0 = Release|Win32
		{19FF5E96-80D3-4D2C-A513-4369ECDB501E}.Debug|x64.ActiveCfg = Debug|x64
		{19FF5E96-80D3-4D2C-A513-4369ECDB501E}.Debug|x64.Build.0 = Debug|x64
		{19FF5E96-80D3-4D2C-A513-4369ECDB501E}.Debug|x86.ActiveCfg = Debug|Win32
		{19FF5E96-80D3-4D2C-A513-4369ECDB501E}.Debug|x86.Build.0 = Debug|Win32
		{19FF5E96-80D3-4D2C-A513-4369ECDB501E}.Release|x64.ActiveCfg = Release|x64
		{19FF5E96-80D3-4D2C-A513-4369ECDB501E}.Release|x64.Build.0 = Release|x64
		{19FF5E96-80D3-4D2C-A513-4369ECDB501E}.Release|x86.ActiveCfg = Release|Win32
		{19FF5E96-80D3-4D2C-A513-4369ECDB501E}.Release|x86.Build.0 = Release|Win32
		{AB248A68-2C52-4A7F-A3F4-3154B4B33EAE}.Debug|x64.ActiveCfg = Debug|x64
		{AB248A68-2C52-4A7F-A3F4-3154B4B33EAE}.Debug|x64.Build.0 = Debug|x64
		{AB248A68-2C52-4A7F-A3F4-3154B4B33EAE}.Debug|x86.ActiveCfg = Debug|Win32
		{AB248A68-2C52-4A7F-A3F4-3154B4B33EAE}.Debug|x86.Build.0 = Debug|Win32
		{AB248A68-2C52-4A7F-A3F4-3154B4B33EAE}.Release|x64.ActiveCfg = Release|x64
		{AB248A68-2C52-4A7F-A3F4-3154B4B33EAE}.Release|x64.Build.0 = Release|x64
		{AB248A68-2C52-4A7F-A3F4-3154B4B33EAE}.Release|x86.ActiveCfg = Release|Win32
		{AB248A68-2C52-4A7F-A3F4-3154B4B33EAE}.Release|x86.Build.0 = Release|Win32
		{6153072A-5043-42A9-A218-BBCE3AEE9B39}.Debug|x64.ActiveCfg = Debug|x64
		{6153072A-5043-42A9-A218-BBCE3AEE9B39}.Debug|x64.Build.0 = Debug|x64
		{6153072A-5043-42A9-A218-BBCE3AEE9B39}.Debug|x86.ActiveCfg = Debug|Win32
		{6153072A-5043-42A9-A218-BBCE3AEE9B39}.Debug|x86.Build.0 = Debug|Win32
		{6153072A-5043-42A9-A218-BBCE3AEE9B39}.Release|x64.ActiveCfg = Release|x64
		{6153072A-5043-42A9-A218-BBCE3AEE9B39}.Release|x64.Build.0 = Release|x64
		{6153072A-5043-42A9-A218-BBCE3AEE9B39}.Release|x86.ActiveCfg = Release|Win32
		{6153072A-5043-42A9-A218-BBCE3AEE9B39}.Release|x86.Build.0 = Release|Win32
		{C5CB166E-7FAA-4D8F-AA73-919D32E0452C}.Debug|x64.ActiveCfg = Debug|x64
		{C5CB166E-7FAA-4D8F-AA73-919D32E0452C}.Debug|x64.Build.0 = Debug|x64
		{C5CB166E-7FAA-4D8F-AA73-919D32E0452C}.Debug|x86.ActiveCfg = Debug|Win32
		{C5CB166E-7FAA-4D8F-AA73-919D32E0452C}.Debug|x86.Build.0 = Debug|Win32
		{C5CB166E-7FAA-4D8F-AA73-919D32E0452C}.Release|x64.ActiveCfg = Release|x64
		{C5CB166E-7FAA-4D8F-AA73-919D32E0452C}.Release|x64.Build.0 = Release|x64
		{C5CB166E-7FAA-4D8F-AA73-919D32E0452C}.Release|x86.ActiveCfg = Release|Win32
		{C5CB166E-7FAA-4D8F-AA73-919D32E0452C}.Release|x86.Build.0 = Release|Win32
		{60B96E31-821B-487C-945E-B2C29DB9FBB0}.Debug|x64.ActiveCfg = Debug|x64
		{60B96E31-821B-487C-945E-B2C29DB9FBB0}.Debug|x64.Build.0 = Debug|x64
		{60B96E31-821B-487C-945E-B2C29DB9FBB0}.Debug|x86.ActiveCfg = Debug|Win32
		{60B96E31-821B-487C-945E-B2C29DB9FBB0}.Debug|x86.Build.0 = Debug|Win32
		{60B96E31-821B-487C-945E-B2C29DB9FBB0}.Release|x64.ActiveCfg = Release|x64
		{60B96E31-821B-487C-945E-B2C29DB9FBB0}.Release|x64.Build.0 = Release|x64
		{60B96E31-821B-487C-945E-B2C29DB9FBB0}.Release|x86.ActiveCfg = Release|Win32
		{60B96E31-821B-487C-945E-B2C29DB9FBB0}.Release|x86.Build.0 = Release|Win32
		{E503D96D-790B-41B6-839D-4A4B44749AF7}.Debug|x64.ActiveCfg = Debug|x64
		{E503D96D-790B-41B6-839D-4A4B44749AF7}.Debug|x64.Build.0 = Debug|x64
		{E503D96D-790B-41B6-839D-4A4B44749AF7}.Debug|x86.ActiveCfg = Debug|Win32
		{E503D96D-790B-41B6-839D-4A4B44749AF7}.Debug|x86.Build.0 = Debug|Win32
		{E503D96D-790B-41B6-839D-4A4B44749AF7}.Release|x64.ActiveCfg = Release|x64
		{E503D96D-790B-41B6-839D-4A4B44749AF7}.Release|x64.Build.0 = Release|x64
		{E503D96D-790B-41B6-839D-4A4B44749AF7}.Release|x86.ActiveCfg = Release|Win32
		{E503D96D-790B-41B6-839D-4A4B44749AF7}.Release|x86.Build.0 = Release|Win32
		{FD107F09-6A41-49E4-96CF-03036D5938A4}.Debug|x64.ActiveCfg = Debug|x64
		{FD107F09-6A41-49E4-96CF-03036D5938A4}.Debug|x64.Build.0 = Debug|x64
		{FD107F09-6A41-49E4-96CF-03036D5938A4}.Debug|x86.ActiveCfg = Debug|Win32
		{FD107F09-6A41-49E4-96CF-03036D5938A4}.Debug|x86.Build.0 = Debug|Win32
		{FD107F09-6A41-49E4-96CF-03036D5938A4}.Release|x64.ActiveCfg = Release|x64
		{FD107F09-6A41-49E4-96CF-03036D5938A4}.Release|x64.Build.0 = Release|x64
		{FD107F09-6A41-49E4-96CF-03036D5938A4}.Release|x86.ActiveCfg = Release|Win32
		{FD107F09-6A41-49E4-96CF-03036D5938A4}.Release|x86.Build.0 = Release|Win32
		{DF95C71A-25FC-42D2-AE7B-F301B7DB1882}.Debug|x64.ActiveCfg = Debug|x64
		{DF95C71A-25FC-42D2-AE7B-F301B7DB1882}.Debug|x64.Build.0 = Debug|x64
		{DF95C71A-25FC-42D2-AE7B-F301B7DB1882}.Debug|x86.ActiveCfg = Debug|Win32
		{DF95C71A-25FC-42D2-AE7B-F301B7DB1882}.Debug|x86.Build.0 = Debug|Win32
		{DF95C71A-25FC-42D2-AE7B-F301B7DB1882}.Release|x64.ActiveCfg = Release|x64
		{DF95C71A-25FC-42D2-AE7B-F301B7DB1882}.Release|x64.Build.0 = Release|x64
		{DF95C71A-25FC-42D2-AE7B-F301B7DB1882}.Release|x86.ActiveCfg = Release|Win32
		{DF95C71A-25FC-42D2-AE7B-F301B7DB1882}.Release|x86.Build.0 = Release|Win32
		{0BE75DD7-DC53-4C28-AC6A-6CD3CB56FD8E}.Debug|x64.ActiveCfg = Debug|x64
		{0BE75DD7-DC53-4C28-AC6A-6CD3CB56FD8E}.Debug|x64.Build.0 = Debug|x64
		{0BE75DD7-DC53-4C28-AC6A-6CD3CB56FD8E}.Debug|x86.ActiveCfg = Debug|Win32
		{0BE75DD7-DC53-4C28-AC6A-6CD3CB56FD8E}.Debug|x86.Build.0 = Debug|Win32
		{0BE75DD7-DC53-4C28-AC6A-6CD3CB56FD8E}.Release|x64.ActiveCfg = Release|x64
		{0BE75DD7-DC53-4C28-AC6A-6CD3CB56FD8E}.Release|x64.Build.0 = Release|x64
		{0BE75DD7-DC53-4C28-AC6A-6CD3CB56FD8E}.Release|x86.ActiveCfg = Release|Win32
		{0BE75DD7-DC53-4C28-AC6A-6CD3CB56FD8E}.Release|x86.Build.0 = Release|Win32
		{F9A92A89-64E0-4EDA-BB20-5AAD3012DF9B}.Debug|x64.ActiveCfg = Debug|x64
		{F9A92A89-64E0-4EDA-BB20-5AAD3012DF9B}.Debug|x64.Build.0 = Debug|x64
		{F9A92A89-64E0-4EDA-BB20-5AAD3012DF9B}.Debug|x86.ActiveCfg = Debug|Win32
		{F9A92A89-64E0-4EDA-BB20-5AAD3012DF9B}.Debug|x86.Build.0 = Debug|Win32
		{F9A92A89-64E0-4EDA-BB20-5AAD3012DF9B}.Release|x64.ActiveCfg = Release|x64
		{F9A92A89-64E0-4EDA-BB20-5AAD3012DF9B}.Release|x64.Build.0 = Release|x64
		{F9A92A89-64E0-4EDA-BB20-5AAD3012DF9B}.Release|x86.ActiveCfg = Release|Win32
		{F9A92A89-64E0-4EDA-BB20-5AAD3012DF9B}.Release|x86.Build.0 = Release|Win32
		{A2587365-7DDE-492B-87DE-3E4D82C42C01}.Debug|x64.ActiveCfg = Debug|x64
		{A2587365-7DDE-492B-87DE-3E4D82C42C01}.Debug|x64.Build.0 = Debug|x64
		{A2587365-7DDE-492B-87DE-3E4D82C42C01}.Debug|x86.ActiveCfg = Debug|Win32
		{A2587365-7DDE-492B-87DE-3E4D82C42C01}.Debug|x86.Build.0 = Debug|Win32
		{A2587365-7DDE-492B-87DE-3E4D82C42C01}.Release|x64.ActiveCfg = Release|x64
		{A2587365-7DDE-492B-87DE-3E4D82C42C01}.Release|x64.Build.0 = Release|x64
		{A2587365-7DDE-492B-87DE-3E4D82C42C01}.Release|x86.ActiveCfg = Release|Win32
		{A2587365-7DDE-492B-87DE-3E4D82C42C01}.Release|x86.Build.0 = Release|Win32
		{C41379DD-B650-48A3-889E-29733C610F4E}.Debug|x64.ActiveCfg = Debug|x64
		{C41379DD-B650-48A3-889E-29733C610F4E}.Debug|x64.Build.0 = Debug|x64
		{C41379DD-B650-48A3-889E-29733C610F4E}.Debug|x86.ActiveCfg = Debug|Win32
		{C41379DD-B650-48A3-889E-29733C610F4E}.Debug|x86.Build.0 = Debug|Win32
		{C41379DD-B650-48A3-889E-29733C610F4E}.Release|x64.ActiveCfg = Release|x64
		{C41379DD-B650-48A3-889E-29733C610F4E}.Release|x64.Build.0 = Release|x64
		{C41379DD-B650-48A3-889E-29733C610F4E}.Release|x86.ActiveCfg = Release|Win32
		{C41379DD-B650-48A3-889E-29733C610F4E}.Release|x86.Build.0 = Release|Win32
		{E7C184A4-C8E9-4629-81E3-96D76307CCE9}.Debug|x64.ActiveCfg = Debug|x64
		{E7C184A4-C8E9-4629-81E3-96D76307CCE9}.Debug|x64.Build.0 = Debug|x64
		{E7C184A4-C8E9-4629-81E3-96D76307CCE9}.Debug|x86.ActiveCfg = Debug|Win32
		{E7C184A4-C8E9-4629-81E3-96D76307CCE9}.Debug|x86.Build.0 = Debug|Win32
		{E7C184A4-C8E9-4629-81E3-96D76307CCE9}.Release|x64.ActiveCfg = Release|x64
		{E7C184A4-C8E9-4629-81E3-96D76307CCE9}.Release|x64.Build.0 = Release|x64
		{E7C184A4-C8E9-4629-81E3-96D76307CCE9}.Release|x86.ActiveCfg = Release|Win32
		{E7C184A4-C8E9-4629-81E3-96D76307CCE9}.Release|x86.Build.0 = Release|Win32
		{00171C61-78B6-4190-8B43-D3F94D845D6B}.Debug|x64.ActiveCfg = Debug|x64
		{00171C61-78B6-4190-8B43-D3F94D845D6B}.Debug|x64.Build.0 = Debug|x64
		{00171C61-78B6-4190-8B43-D3F94D845D6B}.Debug|x86.ActiveCfg = Debug|Win32
		{00171C61-78B6-4190-8B43-D3F94D845D6B}.Debug|x86.Build.0 = Debug|Win32
		{00171C61-78B6-4190-8B43-D3F94D845D6B}.Release|x64.ActiveCfg = Release|x64
		{00171C61-78B6-4190-8B43-D3F94D845D6B}.Release|x64.Build.0 = Release|x64
		{00171C61-78B6-4190-8B43-D3F94D845D6B}.Release|x86.ActiveCfg = Release|Win32
		{00171C61-78B6-4190-8B43-D3F94D845D6B}.Release|x86.Build.0 = Release|Win32
		{38B4310E-EE66-436E-8707-90C349720868}.Debug|x64.ActiveCfg = Debug|x64
		{38B4310E-EE66-436E-8707-90C349720868}.Debug|x64.Build.0 = Debug|x64
		{38B4310E-EE66-436E-8707-90C349720868}.Debug|x86.ActiveCfg = Debug|Win32
		{38B4310E-EE66-436E-8707-90C349720868}.Debug|x86.Build.0 = Debug|Win32
		{38B4310E-EE66-436E-8707-90C349720868}.Release|x64.ActiveCfg = Release|x64
		{38B4310E-EE66-436E-8707-90C349720868}.Release|x64.Build.0 = Release|x64
		{38B4310E-EE66-436E-8707-90C349720868}.Release|x86.ActiveCfg = Release|Win32
		{38B4310E-EE66-436E-8707-90C349720868}.Release|x86.Build.0 = Release|Win32
		{20633CE6-DA44-4B93-8249-BBFCAB3AB6F5}.Debug|x64.ActiveCfg = Debug|x64
		{20633CE6-DA44-4B93-8249-BBFCAB3AB6F5}.Debug|x64.Build.0 = Debug|x64
		{20633CE6-DA44-4B93-8249-BBFCAB3AB6F5}.Debug|x86.ActiveCfg = Debug|Win32
		{20633CE6-DA44-4B93-8249-BBFCAB3AB6F5}.Debug|x86.Build.0 = Debug|Win32
		{20633CE6-DA44-4B93-8249-BBFCAB3AB6F5}.Release|x64.ActiveCfg = Release|x64
		{20633CE6-DA44-4B93-8249-BBFCAB3AB6F5}.Release|x64.Build.0 = Release|x64
		{20633CE6-DA44-4B93-8249-BBFCAB3AB6F5}.Release|x86.ActiveCfg = Release|Win32
		{20633CE6-DA44-4B93-8249-BBFCAB3AB6F5}.Release|x86.Build.0 = Release|Win32
		{2FC502B9-1199-40FD-A3CC-D9E40B070A75}.Debug|x64.ActiveCfg = Debug|x64
		{2FC502B9-1199-40FD-A3CC-D9E40B070A75}.Debug|x64.Build.0 = Debug|x64
		{2FC502B9-1199-40FD-A3CC-D9E40B070A75}.Debug|x86.ActiveCfg = Debug|Win32
		{2FC502B9-1199-40FD-A3CC-D9E40B070A75}.Debug|x86.Build.0 = Debug|Win32
		{2FC502B9-1199-40FD-A3CC-D9E40B070A75}.Release|x64.ActiveCfg = Release|x64
		{2FC502B9-1199-40FD-A3CC-D9E40B070A75}.Release|x64.Build.0 = Release|x64
		{2FC502B9-1199-40FD-A3CC-D9E40B070A75}.Release|x86.ActiveCfg = Release|Win32
		{2FC502B9-1199-40FD-A3CC-D9E40B070A75}.Release|x86.Build.0 = Release|Win32
		{019E03FB-BA64-4412-91C1-7056EB8A081B}.Debug|x64.ActiveCfg = Debug|x64
		{019E03FB-BA64-4412-91C1-7056EB8A081B}.Debug|x64.Build.0 = Debug|x64
		{019E03FB-BA64-4412-91C1-7056EB8A081B}.Debug|x86.ActiveCfg = Debug|Win32
		{019E03FB-BA64-4412-91C1-7056EB8A081B}.Debug|x86.Build.0 = Debug|Win32
		{019E03FB-BA64-4412-91C1-7056EB8A081B}.Release|x64.ActiveCfg = Release|x64
		{019E03FB-BA64-4412-91C1-7056EB8A081B}.Release|x64.Build.0 = Release|x64
		{019E03FB-BA64-4412-91C1-7056EB8A081B}.Release|x86.ActiveCfg = Release|Win32
		{019E03FB-BA64-4412-91C1-7056EB8A081B}.Release|x86.Build.0 = Release|Win32
		{CAD98086-8AD9-4056-B932-0E640416CCF6}.Debug|x64.ActiveCfg = Debug|x64
		{CAD98086-8AD9-4056-B932-0E640416CCF6}.Debug|x64.Build.0 = Debug|x64
		{CAD98086-8AD9-4056-B932-0E640416CCF6}.Debug|x86.ActiveCfg = Debug|Win32
		{CAD98086-8AD9-4056-B932-0E640416CCF6}.Debug|x86.Build.0 = Debug|Win32
		{CAD98086-8AD9-4056-B932-0E640416CCF6}.Release|x64.ActiveCfg = Release|x64
		{CAD98086-8AD9-4056-B932-0E640416CCF6}.Release|x64.Build.0 = Release|x64
		{CAD98086-8AD9-4056-B932-0E640416CCF6}.Release|x86.ActiveCfg = Release|Win32
		{CAD98086-8AD9-4056-B932-0E640416CCF6}.Release|x86.Build.0 = Release|Win32
		{047BE45B-414C-44F8-85B9-C4914C228F16}.Debug|x64.ActiveCfg = Debug|x64
		{047BE45B-414C-44F8-85B9-C4914C228F16}.Debug|x64.Build.0 = Debug|x64
		{047BE45B-414C-44F8-85B9-C4914C228F16}.Debug|x86.ActiveCfg = Debug|Win32
		{047BE45B-414C-44F8-85B9-C4914C228F16}.Debug|x86.Build.0 = Debug|Win32
		{047BE45B-414C-44F8-85B9-C4914C228F16}.Release|x64.ActiveCfg = Release|x64
		{047BE45B-414C-44F8-85B9-C4914C228F16}.Release|x64.Build.0 = Release|x64
		{047BE45B-414C-44F8-85B9-C4914C228F16}.Release|x86.ActiveCfg = Release|Win32
		{047BE45B-414C-44F8-85B9-C4914C228F16}.Release|x86.Build.0 = Release|Win32
		{F6193ADD-8B5D-4660-95EB-D30D02246A12}.Debug|x64.ActiveCfg = Debug|x64
		{F6193ADD-8B5D-4660-95EB-D30D02246A12}.Debug|x64.Build.0 = Debug|x64
		{F6193ADD-8B5D-4660-95EB-D30D02246A12}.Debug|x86.ActiveCfg = Debug|Win32
		{F6193ADD-8B5D-4660-95EB-D30D02246A12}.Debug|x86.Build.0 = Debug|Win32
		{F6193ADD-8B5D-4660-95EB-D30D02246A12}.Release|x64.ActiveCfg = Release|x64
		{F6193ADD-8B5D-4660-95EB-D30D02246A12}.Release|x64.Build.0 = Release|x64
		{F6193ADD-8B5D-4660-95EB-D30D02246A12}.Release|x86.ActiveCfg = Release|Win32
		{F6193ADD-8B5D-4660-95EB-D30D02246A12}.Release|x86.Build.0 = Release|Win32
		{32F80F2D-C3BE-47CC-8CFA-26F0857AB078}.Debug|x64.ActiveCfg = Debug|x64
		{32F80F2D-C3BE-47CC-8CFA-26F0857AB078}.Debug|x64.Build.0 = Debug|x64
		{32F80F2D-C3BE-47CC-8CFA-26F0857AB078}.Debug|x86.ActiveCfg = Debug|Win32
		{32F80F2D-C3BE-47CC-8CFA-26F0857AB078}.Debug|x86.Build.0 = Debug|Win32
		{32F80F2D-C3BE-47CC-8CFA-26F0857AB078}.Release|x64.ActiveCfg = Release|x64
		{32F80F2D-C3BE-47CC-8CFA-26F0857AB078}.Release|x64.Build.0 = Release|x64
		{32F80F2D-C3BE-47CC-8CFA-26F0857AB078}.Release|x86.ActiveCfg = Release|Win32
		{32F80F2D-C3BE-47CC-8CFA-26F0857AB078}.Release|x86.Build.0 = Release|Win32
		{2E61F5A6-2155-491B-9824-BC9815899332}.Debug|x64.ActiveCfg = Debug|x64
		{2E61F5A6-2155-491B-9824-BC9815899332}.Debug|x64.Build.0 = Debug|x64
		{2E61F5A6-2155-491B-9824-BC9815899332}.Debug|x86.ActiveCfg = Debug|Win32
		{2E61F5A6-2155-491B-9824-BC9815899332}.Debug|x86.Build.0 = Debug|Win32
		{2E61F5A6-2155-491B-9824-BC9815899332}.Release|x64.ActiveCfg = Release|x64
		{2E61F5A6-2155-491B-9824-BC9815899332}.Release|x64.Build.0 = Release|x64
		{2E61F5A6-2155-491B-9824-BC9815899332}.Release|x86.ActiveCfg = Release|Win32
		{2E61F5A6-2155-491B-9824-BC9815899332}.Release|x86.Build.0 = Release|Win32
		{55644EAB-4162-422C-B486-F2407A6C114D}.Debug|x64.ActiveCfg = Debug|x64
		{55644EAB-4162-422C-B486-F2407A6C114D}.Debug|x64.Build.0 = Debug|x64
		{55644EAB-4162-422C-B486-F2407A6C114D}.Debug|x86.ActiveCfg = Debug|Win32
		{55644EAB-4162-422C-B486-F2407A6C114D}.Debug|x86.Build.0 = Debug|Win32
		{55644EAB-4162-422C-B486-F2407A6C114D}.Release|x64.ActiveCfg = Release|x64
		{55644EAB-4162-422C-B486-F2407A6C114D}.Release|x64.Build.0 = Release|x64
		{55644EAB-4162-422C-B486-F2407A6C114D}.Release|x86.ActiveCfg = Release|Win32
		{55644EAB-4162-422C-B486-F2407A6C114D}.Release|x86.Build.0 = Release|Win32
		{756FCFA6-7D78-446B-A98B-090101E39145}.Debug|x64.ActiveCfg = Debug|x64
		{756FCFA6-7D78-446B-A98B-090101E39145}.Debug|x64.Build.0 = Debug|x64
		{756FCFA6-7D78-446B-A98B-090101E39145}.Debug|x86.ActiveCfg = Debug|Win32
		{756FCFA6-7D78-446B-A98B-090101E39145}.Debug|x86.Build.0 = Debug|Win32
		{756FCFA6-7D78-446B-A98B-090101E39145}.Release|x64.ActiveCfg = Release|x64
		{756FCFA6-7D78-446B-A98B-090101E39145}.Release|x64.Build.0 = Release|x64
		{756FCFA6-7D78-446B-A98B-090101E39145}.Release|x86.ActiveCfg = Release|Win32
		{756FCFA6-7D78-446B-A98B-090101E39145}.Release|x86.Build.0 = Release|Win32
		{E5FCADAD-673B-495E-BC96-D5578E16AF32}.Debug|x64.ActiveCfg = Debug|x64
		{E5FCADAD-673B-495E-BC96-D5578E16AF32}.Debug|x64.Build.0 = Debug|x64
		{E5FCADAD-673B-495E-BC96-D5578E16AF32}.Debug|x86.ActiveCfg = Debug|Win32
		{E5FCADAD-673B-495E-BC96-D5578E16AF32}.Debug|x86.Build.0 = Debug|Win32
		{E5FCADAD-673B-495E-BC96-D5578E16AF32}.Release|x64.ActiveCfg = Release|x64
		{E5FCADAD-673B-495E-BC96-D5578E16AF32}.Release|x64.Build.0 = Release|x64
		{E5FCADAD-673B-495E-BC96-D5578E16AF32}.Release|x86.ActiveCfg = Release|Win32
		{E5FCADAD-673B-495E-BC96-D5578E16AF32}.Release|x86.Build.0 = Release|Win32
		{465F822B-9F79-4596-B37D-F1A399554AC2}.Debug|x64.ActiveCfg = Debug|x64
		{465F822B-9F79-4596-B37D-F1A399554AC2}.Debug|x64.Build.0 = Debug|x64
		{465F822B-9F79-4596-B37D-F1A399554AC2}.Debug|x86.ActiveCfg = Debug|Win32
		{465F822B-9F79-4596-B37D-F1A399554AC2}.Debug|x86.Build.0 = Debug|Win32
		{465F822B-9F79-4596-B37D-F1A399554AC2}.Release|x64.ActiveCfg = Release|x64
		{465F822B-9F79-4596-B37D-F1A399554AC2}.Release|x64.Build.0 = Release|x64
		{465F822B-9F79-4596-B37D-F1A399554AC2}.Release|x86.ActiveCfg = Release|Win32
		{465F822B-9F79-4596-B37D-F1A399554AC2}.Release|x86.Build.0 = Release|Win32
		{6378A150-3AB3-48B6-87F0-B39DBA97AEF0}.Debug|x64.ActiveCfg = Debug|x64
		{6378A150-3AB3-48B6-87F0-B39DBA97AEF0}.Debug|x64.Build.0 = Debug|x64
		{6378A150-3AB3-48B6-87F0-B39DBA97AEF0}.Debug|x86.ActiveCfg = Debug|Win32
		{6378A150-3AB3-48B6-87F0-B39DBA97AEF0}.Debug|x86.Build.0 = Debug|Win32
		{6378A150-3AB3-48B6-87F0-B39DBA97AEF0}.Release|x64.ActiveCfg = Release|x64
		{6378A150-3AB3-48B6-87F0-B39DBA97AEF0}.Release|x64.Build.0 = Release|x64
		{6378A150-3AB3-48B6-87F0-B39DBA97AEF0}.Release|x86.ActiveCfg = Release|Win32
		{6378A150-3AB3-48B6-87F0-B39DBA97AEF0}.Release|x86.Build.0 = Release|Win32
		{D4C973A5-6EDD-4754-938C-F8343A938B25}.Debug|x64.ActiveCfg = Debug|x64
		{D4C973A5-6EDD-4754-938C-F8343A938B25}.Debug|x64.Build.0 = Debug|x64
		{D4C973A5-6EDD-4754-938C-F8343A938B25}.Debug|x86.ActiveCfg = Debug|Win32
		{D4C973A5-6EDD-4754-938C-F8343A938B25}.Debug|x86.Build.0 = Debug|Win32
		{D4C973A5-6EDD-4754-938C-F8343A938B25}.Release|x64.ActiveCfg = Release|x64
		{D4C973A5-6EDD-4754-938C-F8343A938B25}.Release|x64.Build.0 = Release|x64
		{D4C973A5-6EDD-4754-938C-F8343A938B25}.Release|x86.ActiveCfg = Release|Win32
		{D4C973A5-6EDD-4754-938C-F8343A938B25}.Release|x86.Build.0 = Release|Win32
		{C7025723-E6A6-4435-A766-20B538A65F16}.Debug|x64.ActiveCfg = Debug|x64
		{C7025723-E6A6-4435-A766-20B538A65F16}.Debug|x64.Build.0 = Debug|x64
		{C7025723-E6A6-4435-A766-20B538A65F16}.Debug|x86.ActiveCfg = Debug|Win32
		{C7025723-E6A6-4435-A766-20B538A65F16}.Debug|x86.Build.0 = Debug|Win32
		{C7025723-E6A6-4435-A766-20B538A65F16}.Release|x64.ActiveCfg = Release|x64
		{C7025723-E6A6-4435-A766-20B538A65F16}.Release|x64.Build.0 = Release|x64
		{C7025723-E6A6-4435-A766-20B538A65F16}.Release|x86.ActiveCfg = Release|Win32
		{C7025723-E6A6-4435-A766-20B538A65F16}.Release|x86.Build.0 = Release|Win32
		{D209DAFE-7C74-474C-924E-B5786EB98F1A}.Debug|x64.ActiveCfg = Debug|x64
		{D209DAFE-7C74-474C-924E-B5786EB98F1A}.Debug|x64.Build.0 = Debug|x64
		{D209DAFE-7C74-474C-924E-B5786EB98F1A}.Debug|x86.ActiveCfg = Debug|Win32
		{D209DAFE-7C74-474C-924E-B5786EB98F1A}.Debug|x86.Build.0 = Debug|Win32
		{D209DAFE-7C74-474C-924E-B5786EB98F1A}.Release|x64.ActiveCfg = Release|x64
		{D209DAFE-7C74-474C-924E-B5786EB98F1A}.Release|x64.Build.0 = Release|x64
		{D209DAFE-7C74-474C-924E-B5786EB98F1A}.Release|x86.ActiveCfg = Release|Win32
		{D209DAFE-7C74-474C-924E-B5786EB98F1A}.Release|x86.Build.0 = Release|Win32
		{5BEB15E3-47F6-4F04-819D-0AD883CF8126}.Debug|x64.ActiveCfg = Debug|x64
		{5BEB15E3-47F6-4F04-819D-0AD883CF8126}.Debug|x64.Build.0 = Debug|x64
		{5BEB15E3-47F6-4F04-819D-0AD883CF8126}.Debug|x86.ActiveCfg = Debug|Win32
		{5BEB15E3-47F6-4F04-819D-0AD883CF8126}.Debug|x86.Build.0 = Debug|Win32
		{5BEB15E3-47F6-4F04-819D-0AD883CF8126}.Release|x64.ActiveCfg = Release|x64
		{5BEB15E3-47F6-4F04-819D-0AD883CF8126}.Release|x64.Build.0 = Release|x64
		{5BEB15E3-47F6-4F04-819D-0AD883CF8126}.Release|x86.ActiveCfg = Release|Win32
		{5BEB15E3-47F6-4F04-819D-0AD883CF8126}.Release|x86.Build.0 = Release|Win32
		{778F60E4-14B9-44B2-B3CF-2E3C98D12F9C}.Debug|x64.ActiveCfg = Debug|x64
		{778F60E4-14B9-44B2-B3CF-2E3C98D12F9C}.Debug|x64.Build.0 = Debug|x64
		{778F60E4-14B9-44B2-B3CF-2E3C98D12F9C}.Debug|x86.ActiveCfg = Debug|Win32
		{778F60E4-14B9-44B2-B3CF-2E3C98D12F9C}.Debug|x86.Build.0 = Debug|Win32
		{778F60E4-14B9-44B2-B3CF-2E3C98D12F9C}.Release|x64.ActiveCfg = Release|x64
		{778F60E4-14B9-44B2-B3CF-2E3C98D12F9C}.Release|x64.Build.0 = Release|x64
		{778F60E4-14B9-44B2-B3CF-2E3C98D12F9C}.Release|x86.ActiveCfg = Release|Win32
		{778F60E4-14B9-44B2-B3CF-2E3C98D12F9C}.Release|x86.Build.0 = Release|Win32
		{44E71810-B90F-4B65-A823-E3FB1AD67A93}.Debug|x64.ActiveCfg = Debug|x64
		{44E71810-B90F-4B65-A823-E3FB1AD67A93}.Debug|x64.Build.0 = Debug|x64
		{44E71810-B90F-4B65-A823-E3FB1AD67A93}.Debug|x86.ActiveCfg = Debug|Win32
		{44E71810-B90F-4B65-A823-E3FB1AD67A93}.Debug|x86.Build.0 = Debug|Win32
		{44E71810-B90F-4B65-A823-E3FB1AD67A93}.Release|x64.ActiveCfg = Release|x64
		{44E71810-B90F-4B65-A823-E3FB1AD67A93}.Release|x64.Build.0 = Release|x64
		{44E71810-B90F-4B65-A823-E3FB1AD67A93}.Release|x86.ActiveCfg = Release|Win32
		{44E71810-B90F-4B65-A823-E3FB1AD67A93}.Release|x86.Build.0 = Release|Win32
		{45A5C6D0-5638-47DA-9C85-8D322605A1FD}.Debug|x64.ActiveCfg = Debug|x64
		{45A5C6D0-5638-47DA-9C85-8D322605A1FD}.Debug|x64.Build.0 = Debug|x64
		{45A5C6D0-5638-47DA-9C85-8D322605A1FD}.Debug|x86.ActiveCfg = Debug|Win32
		{45A5C6D0-5638-47DA-9C85-8D322605A1FD}.Debug|x86.Build.0 = Debug|Win32
		{45A5C6D0-5638-47DA-9C85-8D322605A1FD}.Release|x64.ActiveCfg = Release|x64
		{45A5C6D0-5638-47DA-9C85-8D322605A1FD}.Release|x64.Build.0 = Release|x64
		{45A5C6D0-5638-47DA-9C85-8D322605A1FD}.Release|x86.ActiveCfg = Release|Win32
		{45A5C6D0-5638-47DA-9C85-8D322605A1FD}.Release|x86.Build.0 = Release|Win32
		{1125093A-2DA2-4800-BEAC-81974324C0F8}.Debug|x64.ActiveCfg = Debug|x64
		{1125093A-2DA2-4800-BEAC-81974324C0F8}.Debug|x64.Build.0 = Debug|x64
		{1125093A-2DA2-4800-BEAC-81974324C0F8}.Debug|x86.ActiveCfg = Debug|Win32
		{1125093A-2DA2-4800-BEAC-81974324C0F8}.Debug|x86.Build.0 = Debug|Win32
		{1125093A-2DA2-4800-BEAC-81974324C0F8}.Release|x64.ActiveCfg = Release|x64
		{1125093A-2DA2-4800-BEAC-81974324C0F8}.Release|x64.Build.0 = Release|x64
		{1125093A-2DA2-4800-BEAC-81974324C0F8}.Release|x86.ActiveCfg = Release|Win32
		{1125093A-2DA2-4800-BEAC-81974324C0F8}.Release|x86.Build.0 = Release|Win32
		{F025469D-11F4-4E87-9D94-442721946E4F}.Debug|x64.ActiveCfg = Debug|x64
		{F025469D-11F4-4E87-9D94-442721946E4F}.Debug|x64.Build.0 = Debug|x64
		{F025469D-11F4-4E87-9D94-442721946E4F}.Debug|x86.ActiveCfg = Debug|Win32
		{F025469D-11F4-4E87-9D94-442721946E4F}.Debug|x86.Build.0 = Debug|Win32
		{F025469D-11F4-4E87-9D94-442721946E4F}.Release|x64.ActiveCfg = Release|x64
		{F025469D-11F4-4E87-9D94-442721946E4F}.Release|x64.Build.0 = Release|x64
		{F025469D-11F4-4E87-9D94-442721946E4F}.Release|x86.ActiveCfg = Release|Win32
		{F025469D-11F4-4E87-9D94-442721946E4F}.Release|x86.Build.0 = Release|Win32
		{5350B847-0076-461C-B01D-888791AAB54C}.Debug|x64.ActiveCfg = Debug|x64
		{5350B847-0076-461C-B01D-888791AAB54C}.Debug|x64.Build.0 = Debug|x64
		{5350B847-0076-461C-B01D-888791AAB54C}.Debug|x86.ActiveCfg = Debug|Win32
		{5350B847-0076-461C-B01D-888791AAB54C}.Debug|x86.Build.0 = Debug|Win32
		{5350B847-0076-461C-B01D-888791AAB54C}.Release|x64.ActiveCfg = Release|x64
		{5350B847-0076-461C-B01D-888791AAB54C}.Release|x64.Build.0 = Release|x64
		{5350B847-0076-461C-B01D-888791AAB54C}.Release|x86.ActiveCfg = Release|Win32
		{5350B847-0076-461C-B01D-888791AAB54C}.Release|x86.Build.0 = Release|Win32
		{050C389A-05E9-4826-8900-50991D5F518B}.Debug|x64.ActiveCfg = Debug|x64
		{050C389A-05E9-4826-8900-50991D5F518B}.Debug|x64.Build.0 = Debug|x64
		{050C389A-05E9-4826-8900-50991D5F518B}.Debug|x86.ActiveCfg = Debug|Win32
		{050C389A-05E9-4826-8900-50991D5F518B}.Debug|x86.Build.0 = Debug|Win32
		{050C389A-05E9-4826-8900-50991D5F518B}.Release|x64.ActiveCfg = Release|x64
		{050C389A-05E9-4826-8900-50991D5F518B}.Release|x64.Build.0 = Release|x64
		{050C389A-05E9-4826-8900-50991D5F518B}.Release|x86.ActiveCfg = Release|Win32
		{050C389A-05E9-4826-8900-50991D5F518B}.Release|x86.Build.0 = Release|Win32
		{56BB504A-3F80-4BC6-90C2-D6921C8A8F91}.Debug|x64.ActiveCfg = Debug|x64
		{56BB504A-3F80-4BC6-90C2-D6921C8A8F91}.Debug|x64.Build.0 = Debug|x64
		{56BB504A-3F80-4BC6-90C2-D6921C8A8F91}.Debug|x86.ActiveCfg = Debug|Win32
		{56BB504A-3F80-4BC6-90C2-D6921C8A8F91}.Debug|x86.Build.0 = Debug|Win32
		{56BB504A-3F80-4BC6-90C2-D6921C8A8F91}.Release|x64.ActiveCfg = Release|x64
		{56BB504A-3F80-4BC6-90C2-D6921C8A8F91}.Release|x64.Build.0 = Release|x64
		{56BB504A-3F80-4BC6-90C2-D6921C8A8F91}.Release|x86.ActiveCfg = Release|Win32
		{56BB504A-3F80-4BC6-90C2-D6921C8A8F91}.Release|x86.Build.0 = Release|Win32
		{1C78C6AB-7ACF-413E-A431-D2A65C3DE041}.Debug|x64.ActiveCfg = Debug|x64
		{1C78C6AB-7ACF-413E-A431-D2A65C3DE041}.Debug|x64.Build.0 = Debug|x64
		{1C78C6AB-7ACF-413E-A431-D2A65C3DE041}.Debug|x86.ActiveCfg = Debug|Win32
		{1C78C6AB-7ACF-413E-A431-D2A65C3DE041}.Debug|x86.Build.0 = Debug|Win32
		{1C78C6AB-7ACF-413E-A431-D2A65C3DE041}.Release|x64.ActiveCfg = Release|x64
		{1C78C6AB-7ACF-413E-A431-D2A65C3DE041}.Release|x64.Build.0 = Release|x64
		{1C78C6AB-7ACF-413E-A431-D2A65C3DE041}.Release|x86.ActiveCfg = Release|Win32
		{1C78C6AB-7ACF-413E-A431-D2A65C3DE041}.Release|x86.Build.0 = Release|Win32
	EndGlobalSection
	GlobalSection(SolutionProperties) = preSolution
		HideSolutionNode = FALSE
	EndGlobalSection
	GlobalSection(ExtensibilityGlobals) = postSolution
		SolutionGuid = {F8762E1E-69C9-437C-BCF9-8272AD95D65A}
	EndGlobalSection
EndGlobal
